// !$*UTF8*$!
{
	archiveVersion = 1;
	classes = {
	};
	objectVersion = 55;
	objects = {

/* Begin PBXBuildFile section */
		BCC395DB2712358D001A19FD /* MainTabBarViewController.swift in Sources */ = {isa = PBXBuildFile; fileRef = BCC395DA2712358D001A19FD /* MainTabBarViewController.swift */; };
		BCC395DD271236F4001A19FD /* MainTabBarBuilder.swift in Sources */ = {isa = PBXBuildFile; fileRef = BCC395DC271236F4001A19FD /* MainTabBarBuilder.swift */; };
		BCC395EA27123FE7001A19FD /* GenericValueProtocol.swift in Sources */ = {isa = PBXBuildFile; fileRef = BCC395DF27123FE7001A19FD /* GenericValueProtocol.swift */; };
		BCC395EC27123FE7001A19FD /* UIView+Extensions.swift in Sources */ = {isa = PBXBuildFile; fileRef = BCC395E327123FE7001A19FD /* UIView+Extensions.swift */; };
		BCC395ED27123FE7001A19FD /* String+Extension.swift in Sources */ = {isa = PBXBuildFile; fileRef = BCC395E427123FE7001A19FD /* String+Extension.swift */; };
		BCC395EE27123FE7001A19FD /* TabBarImages.swift in Sources */ = {isa = PBXBuildFile; fileRef = BCC395E727123FE7001A19FD /* TabBarImages.swift */; };
		BCC395EF27123FE7001A19FD /* FontManager.swift in Sources */ = {isa = PBXBuildFile; fileRef = BCC395E927123FE7001A19FD /* FontManager.swift */; };
		BCC395F22712425D001A19FD /* FavoriteViewController.swift in Sources */ = {isa = PBXBuildFile; fileRef = BCC395F12712425D001A19FD /* FavoriteViewController.swift */; };
		BCC395F427124271001A19FD /* FavoriteViewModel.swift in Sources */ = {isa = PBXBuildFile; fileRef = BCC395F327124271001A19FD /* FavoriteViewModel.swift */; };
		BCC395F627124290001A19FD /* FavoriteViewBuilder.swift in Sources */ = {isa = PBXBuildFile; fileRef = BCC395F527124290001A19FD /* FavoriteViewBuilder.swift */; };
		BCC395F927124F0E001A19FD /* TestViewController.swift in Sources */ = {isa = PBXBuildFile; fileRef = BCC395F827124F0E001A19FD /* TestViewController.swift */; };
		BCC395FC27125947001A19FD /* DefaultNetworkOperationPackage in Frameworks */ = {isa = PBXBuildFile; productRef = BCC395FB27125947001A19FD /* DefaultNetworkOperationPackage */; };
		BCC395FF27125D23001A19FD /* CharacterListViewController.swift in Sources */ = {isa = PBXBuildFile; fileRef = BCC395FE27125D23001A19FD /* CharacterListViewController.swift */; };
		BCC3960127125D3F001A19FD /* CharacterListViewBuilder.swift in Sources */ = {isa = PBXBuildFile; fileRef = BCC3960027125D3F001A19FD /* CharacterListViewBuilder.swift */; };
		BCC3960327125D4A001A19FD /* CharacterListViewModel.swift in Sources */ = {isa = PBXBuildFile; fileRef = BCC3960227125D4A001A19FD /* CharacterListViewModel.swift */; };
		BCC396072713575B001A19FD /* ItemListView.swift in Sources */ = {isa = PBXBuildFile; fileRef = BCC396062713575B001A19FD /* ItemListView.swift */; };
		BCC3960B271390E2001A19FD /* ItemListProtocol.swift in Sources */ = {isa = PBXBuildFile; fileRef = BCC3960A271390E2001A19FD /* ItemListProtocol.swift */; };
		BCC3960D271391AD001A19FD /* GenericDataProtocol.swift in Sources */ = {isa = PBXBuildFile; fileRef = BCC3960C271391AD001A19FD /* GenericDataProtocol.swift */; };
		BCC39611271398A9001A19FD /* ItemTableViewCell.swift in Sources */ = {isa = PBXBuildFile; fileRef = BCC39610271398A9001A19FD /* ItemTableViewCell.swift */; };
		BCC3961327139977001A19FD /* BaseTableViewCell.swift in Sources */ = {isa = PBXBuildFile; fileRef = BCC3961227139977001A19FD /* BaseTableViewCell.swift */; };
		BCC3961727139AF5001A19FD /* LabelPackComponentData.swift in Sources */ = {isa = PBXBuildFile; fileRef = BCC3961527139AF5001A19FD /* LabelPackComponentData.swift */; };
		BCC3961827139AF5001A19FD /* LabelPackComponent.swift in Sources */ = {isa = PBXBuildFile; fileRef = BCC3961627139AF5001A19FD /* LabelPackComponent.swift */; };
		BCC3961E2713AB52001A19FD /* CustomImageViewComponentContainer.swift in Sources */ = {isa = PBXBuildFile; fileRef = BCC3961A2713AB52001A19FD /* CustomImageViewComponentContainer.swift */; };
		BCC3961F2713AB52001A19FD /* CustomImageViewComponentData.swift in Sources */ = {isa = PBXBuildFile; fileRef = BCC3961B2713AB52001A19FD /* CustomImageViewComponentData.swift */; };
		BCC396202713AB52001A19FD /* CustomImageViewComponent.swift in Sources */ = {isa = PBXBuildFile; fileRef = BCC3961C2713AB52001A19FD /* CustomImageViewComponent.swift */; };
		BCC396212713AB52001A19FD /* CustomImageLoadingType.swift in Sources */ = {isa = PBXBuildFile; fileRef = BCC3961D2713AB52001A19FD /* CustomImageLoadingType.swift */; };
		BCC396252713AC21001A19FD /* ImageCacheManager.swift in Sources */ = {isa = PBXBuildFile; fileRef = BCC396242713AC21001A19FD /* ImageCacheManager.swift */; };
		BCC396272713B100001A19FD /* ItemTableViewCellData.swift in Sources */ = {isa = PBXBuildFile; fileRef = BCC396262713B100001A19FD /* ItemTableViewCellData.swift */; };
		BCC3962B2713C7CF001A19FD /* MarvelCharacterDataResponse.swift in Sources */ = {isa = PBXBuildFile; fileRef = BCC3962A2713C7CF001A19FD /* MarvelCharacterDataResponse.swift */; };
		BCC3962D27143D3A001A19FD /* MarvelCharacterApiServiceProvider.swift in Sources */ = {isa = PBXBuildFile; fileRef = BCC3962C27143D3A001A19FD /* MarvelCharacterApiServiceProvider.swift */; };
		BCC3962F27143D6A001A19FD /* BaseRequest.swift in Sources */ = {isa = PBXBuildFile; fileRef = BCC3962E27143D6A001A19FD /* BaseRequest.swift */; };
		BCC3963127144461001A19FD /* CharacterListViewState.swift in Sources */ = {isa = PBXBuildFile; fileRef = BCC3963027144461001A19FD /* CharacterListViewState.swift */; };
		BCC3963327146265001A19FD /* CharacterListViewFormatter.swift in Sources */ = {isa = PBXBuildFile; fileRef = BCC3963227146265001A19FD /* CharacterListViewFormatter.swift */; };
		BCC3963527146272001A19FD /* CharacterListViewFormatterProtocol.swift in Sources */ = {isa = PBXBuildFile; fileRef = BCC3963427146272001A19FD /* CharacterListViewFormatterProtocol.swift */; };
		BCC3963B2714E3BA001A19FD /* LabelPackComponentModifier.swift in Sources */ = {isa = PBXBuildFile; fileRef = BCC3963A2714E3BA001A19FD /* LabelPackComponentModifier.swift */; };
		BCED439D270C42E900234EEF /* AppDelegate.swift in Sources */ = {isa = PBXBuildFile; fileRef = BCED439C270C42E900234EEF /* AppDelegate.swift */; };
		BCED439F270C42E900234EEF /* SceneDelegate.swift in Sources */ = {isa = PBXBuildFile; fileRef = BCED439E270C42E900234EEF /* SceneDelegate.swift */; };
		BCED43A6270C42EC00234EEF /* Assets.xcassets in Resources */ = {isa = PBXBuildFile; fileRef = BCED43A5270C42EC00234EEF /* Assets.xcassets */; };
		BCED43A9270C42EC00234EEF /* LaunchScreen.storyboard in Resources */ = {isa = PBXBuildFile; fileRef = BCED43A7270C42EC00234EEF /* LaunchScreen.storyboard */; };
		BCED43B4270C42EC00234EEF /* HW3_HusnuTasTests.swift in Sources */ = {isa = PBXBuildFile; fileRef = BCED43B3270C42EC00234EEF /* HW3_HusnuTasTests.swift */; };
		BCED43BE270C42EC00234EEF /* HW3_HusnuTasUITests.swift in Sources */ = {isa = PBXBuildFile; fileRef = BCED43BD270C42EC00234EEF /* HW3_HusnuTasUITests.swift */; };
		BCED43C0270C42EC00234EEF /* HW3_HusnuTasUITestsLaunchTests.swift in Sources */ = {isa = PBXBuildFile; fileRef = BCED43BF270C42EC00234EEF /* HW3_HusnuTasUITestsLaunchTests.swift */; };
		BCED43D5270E2B9200234EEF /* MainViewModel.swift in Sources */ = {isa = PBXBuildFile; fileRef = BCED43D4270E2B9200234EEF /* MainViewModel.swift */; };
		BCED43D7270E2BAD00234EEF /* MainViewController.swift in Sources */ = {isa = PBXBuildFile; fileRef = BCED43D6270E2BAD00234EEF /* MainViewController.swift */; };
		BCED43D9270E2BC800234EEF /* MainViewBuilder.swift in Sources */ = {isa = PBXBuildFile; fileRef = BCED43D8270E2BC800234EEF /* MainViewBuilder.swift */; };
		BCED43E0270E2D5900234EEF /* BaseViewController.swift in Sources */ = {isa = PBXBuildFile; fileRef = BCED43DC270E2D5900234EEF /* BaseViewController.swift */; };
		BCED43E1270E2D5900234EEF /* GenericBaseView.swift in Sources */ = {isa = PBXBuildFile; fileRef = BCED43DD270E2D5900234EEF /* GenericBaseView.swift */; };
		BCED43E2270E2D5900234EEF /* BaseView.swift in Sources */ = {isa = PBXBuildFile; fileRef = BCED43DE270E2D5900234EEF /* BaseView.swift */; };
/* End PBXBuildFile section */

/* Begin PBXBuildRule section */
		BCC396092713900B001A19FD /* PBXBuildRule */ = {
			isa = PBXBuildRule;
			compilerSpec = com.apple.compilers.proxy.script;
			fileType = pattern.proxy;
			inputFiles = (
			);
			isEditable = 1;
			outputFiles = (
			);
			script = "# Type a script or drag a script file from your workspace to insert its path.\nif which swiftlint >/dev/null; then\n  swiftlint\nelse\n  echo \"warning: SwiftLint not installed, download from https://github.com/realm/SwiftLint\"\nfi\n\n";
		};
/* End PBXBuildRule section */

/* Begin PBXContainerItemProxy section */
		BCED43B0270C42EC00234EEF /* PBXContainerItemProxy */ = {
			isa = PBXContainerItemProxy;
			containerPortal = BCED4391270C42E900234EEF /* Project object */;
			proxyType = 1;
			remoteGlobalIDString = BCED4398270C42E900234EEF;
			remoteInfo = HW3_HusnuTas;
		};
		BCED43BA270C42EC00234EEF /* PBXContainerItemProxy */ = {
			isa = PBXContainerItemProxy;
			containerPortal = BCED4391270C42E900234EEF /* Project object */;
			proxyType = 1;
			remoteGlobalIDString = BCED4398270C42E900234EEF;
			remoteInfo = HW3_HusnuTas;
		};
/* End PBXContainerItemProxy section */

/* Begin PBXFileReference section */
		BCC395DA2712358D001A19FD /* MainTabBarViewController.swift */ = {isa = PBXFileReference; lastKnownFileType = sourcecode.swift; path = MainTabBarViewController.swift; sourceTree = "<group>"; };
		BCC395DC271236F4001A19FD /* MainTabBarBuilder.swift */ = {isa = PBXFileReference; lastKnownFileType = sourcecode.swift; path = MainTabBarBuilder.swift; sourceTree = "<group>"; };
		BCC395DF27123FE7001A19FD /* GenericValueProtocol.swift */ = {isa = PBXFileReference; fileEncoding = 4; lastKnownFileType = sourcecode.swift; path = GenericValueProtocol.swift; sourceTree = "<group>"; };
		BCC395E327123FE7001A19FD /* UIView+Extensions.swift */ = {isa = PBXFileReference; fileEncoding = 4; lastKnownFileType = sourcecode.swift; path = "UIView+Extensions.swift"; sourceTree = "<group>"; };
		BCC395E427123FE7001A19FD /* String+Extension.swift */ = {isa = PBXFileReference; fileEncoding = 4; lastKnownFileType = sourcecode.swift; path = "String+Extension.swift"; sourceTree = "<group>"; };
		BCC395E727123FE7001A19FD /* TabBarImages.swift */ = {isa = PBXFileReference; fileEncoding = 4; lastKnownFileType = sourcecode.swift; path = TabBarImages.swift; sourceTree = "<group>"; };
		BCC395E927123FE7001A19FD /* FontManager.swift */ = {isa = PBXFileReference; fileEncoding = 4; lastKnownFileType = sourcecode.swift; path = FontManager.swift; sourceTree = "<group>"; };
		BCC395F12712425D001A19FD /* FavoriteViewController.swift */ = {isa = PBXFileReference; lastKnownFileType = sourcecode.swift; path = FavoriteViewController.swift; sourceTree = "<group>"; };
		BCC395F327124271001A19FD /* FavoriteViewModel.swift */ = {isa = PBXFileReference; lastKnownFileType = sourcecode.swift; path = FavoriteViewModel.swift; sourceTree = "<group>"; };
		BCC395F527124290001A19FD /* FavoriteViewBuilder.swift */ = {isa = PBXFileReference; lastKnownFileType = sourcecode.swift; path = FavoriteViewBuilder.swift; sourceTree = "<group>"; };
		BCC395F827124F0E001A19FD /* TestViewController.swift */ = {isa = PBXFileReference; lastKnownFileType = sourcecode.swift; path = TestViewController.swift; sourceTree = "<group>"; };
		BCC395FE27125D23001A19FD /* CharacterListViewController.swift */ = {isa = PBXFileReference; lastKnownFileType = sourcecode.swift; path = CharacterListViewController.swift; sourceTree = "<group>"; };
		BCC3960027125D3F001A19FD /* CharacterListViewBuilder.swift */ = {isa = PBXFileReference; lastKnownFileType = sourcecode.swift; path = CharacterListViewBuilder.swift; sourceTree = "<group>"; };
		BCC3960227125D4A001A19FD /* CharacterListViewModel.swift */ = {isa = PBXFileReference; lastKnownFileType = sourcecode.swift; path = CharacterListViewModel.swift; sourceTree = "<group>"; };
		BCC396062713575B001A19FD /* ItemListView.swift */ = {isa = PBXFileReference; lastKnownFileType = sourcecode.swift; path = ItemListView.swift; sourceTree = "<group>"; };
		BCC3960A271390E2001A19FD /* ItemListProtocol.swift */ = {isa = PBXFileReference; lastKnownFileType = sourcecode.swift; path = ItemListProtocol.swift; sourceTree = "<group>"; };
		BCC3960C271391AD001A19FD /* GenericDataProtocol.swift */ = {isa = PBXFileReference; lastKnownFileType = sourcecode.swift; path = GenericDataProtocol.swift; sourceTree = "<group>"; };
		BCC39610271398A9001A19FD /* ItemTableViewCell.swift */ = {isa = PBXFileReference; lastKnownFileType = sourcecode.swift; path = ItemTableViewCell.swift; sourceTree = "<group>"; };
		BCC3961227139977001A19FD /* BaseTableViewCell.swift */ = {isa = PBXFileReference; lastKnownFileType = sourcecode.swift; path = BaseTableViewCell.swift; sourceTree = "<group>"; };
		BCC3961527139AF5001A19FD /* LabelPackComponentData.swift */ = {isa = PBXFileReference; fileEncoding = 4; lastKnownFileType = sourcecode.swift; path = LabelPackComponentData.swift; sourceTree = "<group>"; };
		BCC3961627139AF5001A19FD /* LabelPackComponent.swift */ = {isa = PBXFileReference; fileEncoding = 4; lastKnownFileType = sourcecode.swift; path = LabelPackComponent.swift; sourceTree = "<group>"; };
		BCC3961A2713AB52001A19FD /* CustomImageViewComponentContainer.swift */ = {isa = PBXFileReference; fileEncoding = 4; lastKnownFileType = sourcecode.swift; path = CustomImageViewComponentContainer.swift; sourceTree = "<group>"; };
		BCC3961B2713AB52001A19FD /* CustomImageViewComponentData.swift */ = {isa = PBXFileReference; fileEncoding = 4; lastKnownFileType = sourcecode.swift; path = CustomImageViewComponentData.swift; sourceTree = "<group>"; };
		BCC3961C2713AB52001A19FD /* CustomImageViewComponent.swift */ = {isa = PBXFileReference; fileEncoding = 4; lastKnownFileType = sourcecode.swift; path = CustomImageViewComponent.swift; sourceTree = "<group>"; };
		BCC3961D2713AB52001A19FD /* CustomImageLoadingType.swift */ = {isa = PBXFileReference; fileEncoding = 4; lastKnownFileType = sourcecode.swift; path = CustomImageLoadingType.swift; sourceTree = "<group>"; };
		BCC396242713AC21001A19FD /* ImageCacheManager.swift */ = {isa = PBXFileReference; fileEncoding = 4; lastKnownFileType = sourcecode.swift; path = ImageCacheManager.swift; sourceTree = "<group>"; };
		BCC396262713B100001A19FD /* ItemTableViewCellData.swift */ = {isa = PBXFileReference; lastKnownFileType = sourcecode.swift; path = ItemTableViewCellData.swift; sourceTree = "<group>"; };
		BCC3962A2713C7CF001A19FD /* MarvelCharacterDataResponse.swift */ = {isa = PBXFileReference; lastKnownFileType = sourcecode.swift; path = MarvelCharacterDataResponse.swift; sourceTree = "<group>"; };
		BCC3962C27143D3A001A19FD /* MarvelCharacterApiServiceProvider.swift */ = {isa = PBXFileReference; lastKnownFileType = sourcecode.swift; path = MarvelCharacterApiServiceProvider.swift; sourceTree = "<group>"; };
		BCC3962E27143D6A001A19FD /* BaseRequest.swift */ = {isa = PBXFileReference; lastKnownFileType = sourcecode.swift; path = BaseRequest.swift; sourceTree = "<group>"; };
		BCC3963027144461001A19FD /* CharacterListViewState.swift */ = {isa = PBXFileReference; lastKnownFileType = sourcecode.swift; path = CharacterListViewState.swift; sourceTree = "<group>"; };
		BCC3963227146265001A19FD /* CharacterListViewFormatter.swift */ = {isa = PBXFileReference; lastKnownFileType = sourcecode.swift; path = CharacterListViewFormatter.swift; sourceTree = "<group>"; };
		BCC3963427146272001A19FD /* CharacterListViewFormatterProtocol.swift */ = {isa = PBXFileReference; lastKnownFileType = sourcecode.swift; path = CharacterListViewFormatterProtocol.swift; sourceTree = "<group>"; };
		BCC3963A2714E3BA001A19FD /* LabelPackComponentModifier.swift */ = {isa = PBXFileReference; lastKnownFileType = sourcecode.swift; path = LabelPackComponentModifier.swift; sourceTree = "<group>"; };
		BCED4399270C42E900234EEF /* HW3_HusnuTas.app */ = {isa = PBXFileReference; explicitFileType = wrapper.application; includeInIndex = 0; path = HW3_HusnuTas.app; sourceTree = BUILT_PRODUCTS_DIR; };
		BCED439C270C42E900234EEF /* AppDelegate.swift */ = {isa = PBXFileReference; lastKnownFileType = sourcecode.swift; path = AppDelegate.swift; sourceTree = "<group>"; };
		BCED439E270C42E900234EEF /* SceneDelegate.swift */ = {isa = PBXFileReference; lastKnownFileType = sourcecode.swift; path = SceneDelegate.swift; sourceTree = "<group>"; };
		BCED43A5270C42EC00234EEF /* Assets.xcassets */ = {isa = PBXFileReference; lastKnownFileType = folder.assetcatalog; path = Assets.xcassets; sourceTree = "<group>"; };
		BCED43A8270C42EC00234EEF /* Base */ = {isa = PBXFileReference; lastKnownFileType = file.storyboard; name = Base; path = Base.lproj/LaunchScreen.storyboard; sourceTree = "<group>"; };
		BCED43AA270C42EC00234EEF /* Info.plist */ = {isa = PBXFileReference; lastKnownFileType = text.plist.xml; path = Info.plist; sourceTree = "<group>"; };
		BCED43AF270C42EC00234EEF /* HW3_HusnuTasTests.xctest */ = {isa = PBXFileReference; explicitFileType = wrapper.cfbundle; includeInIndex = 0; path = HW3_HusnuTasTests.xctest; sourceTree = BUILT_PRODUCTS_DIR; };
		BCED43B3270C42EC00234EEF /* HW3_HusnuTasTests.swift */ = {isa = PBXFileReference; lastKnownFileType = sourcecode.swift; path = HW3_HusnuTasTests.swift; sourceTree = "<group>"; };
		BCED43B9270C42EC00234EEF /* HW3_HusnuTasUITests.xctest */ = {isa = PBXFileReference; explicitFileType = wrapper.cfbundle; includeInIndex = 0; path = HW3_HusnuTasUITests.xctest; sourceTree = BUILT_PRODUCTS_DIR; };
		BCED43BD270C42EC00234EEF /* HW3_HusnuTasUITests.swift */ = {isa = PBXFileReference; lastKnownFileType = sourcecode.swift; path = HW3_HusnuTasUITests.swift; sourceTree = "<group>"; };
		BCED43BF270C42EC00234EEF /* HW3_HusnuTasUITestsLaunchTests.swift */ = {isa = PBXFileReference; lastKnownFileType = sourcecode.swift; path = HW3_HusnuTasUITestsLaunchTests.swift; sourceTree = "<group>"; };
		BCED43D4270E2B9200234EEF /* MainViewModel.swift */ = {isa = PBXFileReference; lastKnownFileType = sourcecode.swift; path = MainViewModel.swift; sourceTree = "<group>"; };
		BCED43D6270E2BAD00234EEF /* MainViewController.swift */ = {isa = PBXFileReference; lastKnownFileType = sourcecode.swift; path = MainViewController.swift; sourceTree = "<group>"; };
		BCED43D8270E2BC800234EEF /* MainViewBuilder.swift */ = {isa = PBXFileReference; lastKnownFileType = sourcecode.swift; path = MainViewBuilder.swift; sourceTree = "<group>"; };
		BCED43DC270E2D5900234EEF /* BaseViewController.swift */ = {isa = PBXFileReference; fileEncoding = 4; lastKnownFileType = sourcecode.swift; path = BaseViewController.swift; sourceTree = "<group>"; };
		BCED43DD270E2D5900234EEF /* GenericBaseView.swift */ = {isa = PBXFileReference; fileEncoding = 4; lastKnownFileType = sourcecode.swift; path = GenericBaseView.swift; sourceTree = "<group>"; };
		BCED43DE270E2D5900234EEF /* BaseView.swift */ = {isa = PBXFileReference; fileEncoding = 4; lastKnownFileType = sourcecode.swift; path = BaseView.swift; sourceTree = "<group>"; };
/* End PBXFileReference section */

/* Begin PBXFrameworksBuildPhase section */
		BCED4396270C42E900234EEF /* Frameworks */ = {
			isa = PBXFrameworksBuildPhase;
			buildActionMask = 2147483647;
			files = (
				BCC395FC27125947001A19FD /* DefaultNetworkOperationPackage in Frameworks */,
			);
			runOnlyForDeploymentPostprocessing = 0;
		};
		BCED43AC270C42EC00234EEF /* Frameworks */ = {
			isa = PBXFrameworksBuildPhase;
			buildActionMask = 2147483647;
			files = (
			);
			runOnlyForDeploymentPostprocessing = 0;
		};
		BCED43B6270C42EC00234EEF /* Frameworks */ = {
			isa = PBXFrameworksBuildPhase;
			buildActionMask = 2147483647;
			files = (
			);
			runOnlyForDeploymentPostprocessing = 0;
		};
/* End PBXFrameworksBuildPhase section */

/* Begin PBXGroup section */
		BCC395D92712354E001A19FD /* MainTabBar */ = {
			isa = PBXGroup;
			children = (
				BCC395DA2712358D001A19FD /* MainTabBarViewController.swift */,
				BCC395DC271236F4001A19FD /* MainTabBarBuilder.swift */,
			);
			path = MainTabBar;
			sourceTree = "<group>";
		};
		BCC395DE27123FE7001A19FD /* Utils */ = {
			isa = PBXGroup;
			children = (
				BCC3960E271391CC001A19FD /* Protocols */,
				BCC395E227123FE7001A19FD /* Extensions */,
				BCC395E527123FE7001A19FD /* AssetHelpers */,
				BCC395E827123FE7001A19FD /* FontManagers */,
			);
			path = Utils;
			sourceTree = "<group>";
		};
		BCC395E227123FE7001A19FD /* Extensions */ = {
			isa = PBXGroup;
			children = (
				BCC395E327123FE7001A19FD /* UIView+Extensions.swift */,
				BCC395E427123FE7001A19FD /* String+Extension.swift */,
			);
			path = Extensions;
			sourceTree = "<group>";
		};
		BCC395E527123FE7001A19FD /* AssetHelpers */ = {
			isa = PBXGroup;
			children = (
				BCC395E627123FE7001A19FD /* TabBarImages */,
			);
			path = AssetHelpers;
			sourceTree = "<group>";
		};
		BCC395E627123FE7001A19FD /* TabBarImages */ = {
			isa = PBXGroup;
			children = (
				BCC395E727123FE7001A19FD /* TabBarImages.swift */,
			);
			path = TabBarImages;
			sourceTree = "<group>";
		};
		BCC395E827123FE7001A19FD /* FontManagers */ = {
			isa = PBXGroup;
			children = (
				BCC395E927123FE7001A19FD /* FontManager.swift */,
			);
			path = FontManagers;
			sourceTree = "<group>";
		};
		BCC395F02712423A001A19FD /* Favorite */ = {
			isa = PBXGroup;
			children = (
				BCC395F12712425D001A19FD /* FavoriteViewController.swift */,
				BCC395F327124271001A19FD /* FavoriteViewModel.swift */,
				BCC395F527124290001A19FD /* FavoriteViewBuilder.swift */,
			);
			path = Favorite;
			sourceTree = "<group>";
		};
		BCC395F727124EF2001A19FD /* Test */ = {
			isa = PBXGroup;
			children = (
				BCC395F827124F0E001A19FD /* TestViewController.swift */,
			);
			path = Test;
			sourceTree = "<group>";
		};
		BCC395FD27125D05001A19FD /* CharacterList */ = {
			isa = PBXGroup;
			children = (
				BCC395FE27125D23001A19FD /* CharacterListViewController.swift */,
				BCC3960027125D3F001A19FD /* CharacterListViewBuilder.swift */,
				BCC3960227125D4A001A19FD /* CharacterListViewModel.swift */,
				BCC3963027144461001A19FD /* CharacterListViewState.swift */,
				BCC3963227146265001A19FD /* CharacterListViewFormatter.swift */,
				BCC3963427146272001A19FD /* CharacterListViewFormatterProtocol.swift */,
			);
			path = CharacterList;
			sourceTree = "<group>";
		};
		BCC3960427135726001A19FD /* Components */ = {
			isa = PBXGroup;
			children = (
				BCC396192713AB52001A19FD /* CustomImageViewComponent */,
				BCC3961427139AF5001A19FD /* LabelPackComponent */,
				BCC3960F2713988C001A19FD /* ItemComponents */,
				BCC3960527135733001A19FD /* ItemListViewComponent */,
			);
			path = Components;
			sourceTree = "<group>";
		};
		BCC3960527135733001A19FD /* ItemListViewComponent */ = {
			isa = PBXGroup;
			children = (
				BCC396062713575B001A19FD /* ItemListView.swift */,
				BCC3960A271390E2001A19FD /* ItemListProtocol.swift */,
			);
			path = ItemListViewComponent;
			sourceTree = "<group>";
		};
		BCC3960E271391CC001A19FD /* Protocols */ = {
			isa = PBXGroup;
			children = (
				BCC395DF27123FE7001A19FD /* GenericValueProtocol.swift */,
				BCC3960C271391AD001A19FD /* GenericDataProtocol.swift */,
			);
			path = Protocols;
			sourceTree = "<group>";
		};
		BCC3960F2713988C001A19FD /* ItemComponents */ = {
			isa = PBXGroup;
			children = (
				BCC39610271398A9001A19FD /* ItemTableViewCell.swift */,
				BCC396262713B100001A19FD /* ItemTableViewCellData.swift */,
			);
			path = ItemComponents;
			sourceTree = "<group>";
		};
		BCC3961427139AF5001A19FD /* LabelPackComponent */ = {
			isa = PBXGroup;
			children = (
				BCC3961527139AF5001A19FD /* LabelPackComponentData.swift */,
				BCC3961627139AF5001A19FD /* LabelPackComponent.swift */,
				BCC3963A2714E3BA001A19FD /* LabelPackComponentModifier.swift */,
			);
			path = LabelPackComponent;
			sourceTree = "<group>";
		};
		BCC396192713AB52001A19FD /* CustomImageViewComponent */ = {
			isa = PBXGroup;
			children = (
				BCC3961A2713AB52001A19FD /* CustomImageViewComponentContainer.swift */,
				BCC3961B2713AB52001A19FD /* CustomImageViewComponentData.swift */,
				BCC3961C2713AB52001A19FD /* CustomImageViewComponent.swift */,
				BCC3961D2713AB52001A19FD /* CustomImageLoadingType.swift */,
			);
			path = CustomImageViewComponent;
			sourceTree = "<group>";
		};
		BCC396222713AC11001A19FD /* Managers */ = {
			isa = PBXGroup;
			children = (
				BCC396232713AC21001A19FD /* CacheManagers */,
			);
			path = Managers;
			sourceTree = "<group>";
		};
		BCC396232713AC21001A19FD /* CacheManagers */ = {
			isa = PBXGroup;
			children = (
				BCC396242713AC21001A19FD /* ImageCacheManager.swift */,
			);
			path = CacheManagers;
			sourceTree = "<group>";
		};
		BCC396282713C79C001A19FD /* Models */ = {
			isa = PBXGroup;
			children = (
				BCC396292713C7A2001A19FD /* MarvelSample */,
			);
			path = Models;
			sourceTree = "<group>";
		};
		BCC396292713C7A2001A19FD /* MarvelSample */ = {
			isa = PBXGroup;
			children = (
				BCC3962A2713C7CF001A19FD /* MarvelCharacterDataResponse.swift */,
				BCC3962C27143D3A001A19FD /* MarvelCharacterApiServiceProvider.swift */,
				BCC3962E27143D6A001A19FD /* BaseRequest.swift */,
			);
			path = MarvelSample;
			sourceTree = "<group>";
		};
		BCED4390270C42E900234EEF = {
			isa = PBXGroup;
			children = (
				BCED439B270C42E900234EEF /* HW3_HusnuTas */,
				BCED43B2270C42EC00234EEF /* HW3_HusnuTasTests */,
				BCED43BC270C42EC00234EEF /* HW3_HusnuTasUITests */,
				BCED439A270C42E900234EEF /* Products */,
			);
			sourceTree = "<group>";
		};
		BCED439A270C42E900234EEF /* Products */ = {
			isa = PBXGroup;
			children = (
				BCED4399270C42E900234EEF /* HW3_HusnuTas.app */,
				BCED43AF270C42EC00234EEF /* HW3_HusnuTasTests.xctest */,
				BCED43B9270C42EC00234EEF /* HW3_HusnuTasUITests.xctest */,
			);
			name = Products;
			sourceTree = "<group>";
		};
		BCED439B270C42E900234EEF /* HW3_HusnuTas */ = {
			isa = PBXGroup;
			children = (
				BCC396282713C79C001A19FD /* Models */,
				BCC396222713AC11001A19FD /* Managers */,
				BCC3960427135726001A19FD /* Components */,
				BCC395DE27123FE7001A19FD /* Utils */,
				BCED43DA270E2D5900234EEF /* BaseComponents */,
				BCED43D2270E2B6D00234EEF /* SceneModules */,
				BCED439C270C42E900234EEF /* AppDelegate.swift */,
				BCED439E270C42E900234EEF /* SceneDelegate.swift */,
				BCED43A5270C42EC00234EEF /* Assets.xcassets */,
				BCED43A7270C42EC00234EEF /* LaunchScreen.storyboard */,
				BCED43AA270C42EC00234EEF /* Info.plist */,
			);
			path = HW3_HusnuTas;
			sourceTree = "<group>";
		};
		BCED43B2270C42EC00234EEF /* HW3_HusnuTasTests */ = {
			isa = PBXGroup;
			children = (
				BCED43B3270C42EC00234EEF /* HW3_HusnuTasTests.swift */,
			);
			path = HW3_HusnuTasTests;
			sourceTree = "<group>";
		};
		BCED43BC270C42EC00234EEF /* HW3_HusnuTasUITests */ = {
			isa = PBXGroup;
			children = (
				BCED43BD270C42EC00234EEF /* HW3_HusnuTasUITests.swift */,
				BCED43BF270C42EC00234EEF /* HW3_HusnuTasUITestsLaunchTests.swift */,
			);
			path = HW3_HusnuTasUITests;
			sourceTree = "<group>";
		};
		BCED43D2270E2B6D00234EEF /* SceneModules */ = {
			isa = PBXGroup;
			children = (
				BCC395FD27125D05001A19FD /* CharacterList */,
				BCC395F727124EF2001A19FD /* Test */,
				BCC395F02712423A001A19FD /* Favorite */,
				BCC395D92712354E001A19FD /* MainTabBar */,
				BCED43D3270E2B7D00234EEF /* Main */,
			);
			path = SceneModules;
			sourceTree = "<group>";
		};
		BCED43D3270E2B7D00234EEF /* Main */ = {
			isa = PBXGroup;
			children = (
				BCED43D4270E2B9200234EEF /* MainViewModel.swift */,
				BCED43D6270E2BAD00234EEF /* MainViewController.swift */,
				BCED43D8270E2BC800234EEF /* MainViewBuilder.swift */,
			);
			path = Main;
			sourceTree = "<group>";
		};
		BCED43DA270E2D5900234EEF /* BaseComponents */ = {
			isa = PBXGroup;
			children = (
				BCED43DC270E2D5900234EEF /* BaseViewController.swift */,
				BCED43DD270E2D5900234EEF /* GenericBaseView.swift */,
				BCED43DE270E2D5900234EEF /* BaseView.swift */,
				BCC3961227139977001A19FD /* BaseTableViewCell.swift */,
			);
			path = BaseComponents;
			sourceTree = "<group>";
		};
/* End PBXGroup section */

/* Begin PBXNativeTarget section */
		BCED4398270C42E900234EEF /* HW3_HusnuTas */ = {
			isa = PBXNativeTarget;
			buildConfigurationList = BCED43C3270C42EC00234EEF /* Build configuration list for PBXNativeTarget "HW3_HusnuTas" */;
			buildPhases = (
				BCED4395270C42E900234EEF /* Sources */,
				BCED4396270C42E900234EEF /* Frameworks */,
				BCED4397270C42E900234EEF /* Resources */,
			);
			buildRules = (
				BCC396092713900B001A19FD /* PBXBuildRule */,
			);
			dependencies = (
			);
			name = HW3_HusnuTas;
			packageProductDependencies = (
				BCC395FB27125947001A19FD /* DefaultNetworkOperationPackage */,
			);
			productName = HW3_HusnuTas;
			productReference = BCED4399270C42E900234EEF /* HW3_HusnuTas.app */;
			productType = "com.apple.product-type.application";
		};
		BCED43AE270C42EC00234EEF /* HW3_HusnuTasTests */ = {
			isa = PBXNativeTarget;
			buildConfigurationList = BCED43C6270C42EC00234EEF /* Build configuration list for PBXNativeTarget "HW3_HusnuTasTests" */;
			buildPhases = (
				BCED43AB270C42EC00234EEF /* Sources */,
				BCED43AC270C42EC00234EEF /* Frameworks */,
				BCED43AD270C42EC00234EEF /* Resources */,
			);
			buildRules = (
			);
			dependencies = (
				BCED43B1270C42EC00234EEF /* PBXTargetDependency */,
			);
			name = HW3_HusnuTasTests;
			productName = HW3_HusnuTasTests;
			productReference = BCED43AF270C42EC00234EEF /* HW3_HusnuTasTests.xctest */;
			productType = "com.apple.product-type.bundle.unit-test";
		};
		BCED43B8270C42EC00234EEF /* HW3_HusnuTasUITests */ = {
			isa = PBXNativeTarget;
			buildConfigurationList = BCED43C9270C42EC00234EEF /* Build configuration list for PBXNativeTarget "HW3_HusnuTasUITests" */;
			buildPhases = (
				BCED43B5270C42EC00234EEF /* Sources */,
				BCED43B6270C42EC00234EEF /* Frameworks */,
				BCED43B7270C42EC00234EEF /* Resources */,
			);
			buildRules = (
			);
			dependencies = (
				BCED43BB270C42EC00234EEF /* PBXTargetDependency */,
			);
			name = HW3_HusnuTasUITests;
			productName = HW3_HusnuTasUITests;
			productReference = BCED43B9270C42EC00234EEF /* HW3_HusnuTasUITests.xctest */;
			productType = "com.apple.product-type.bundle.ui-testing";
		};
/* End PBXNativeTarget section */

/* Begin PBXProject section */
		BCED4391270C42E900234EEF /* Project object */ = {
			isa = PBXProject;
			attributes = {
				BuildIndependentTargetsInParallel = 1;
				LastSwiftUpdateCheck = 1300;
				LastUpgradeCheck = 1300;
				TargetAttributes = {
					BCED4398270C42E900234EEF = {
						CreatedOnToolsVersion = 13.0;
					};
					BCED43AE270C42EC00234EEF = {
						CreatedOnToolsVersion = 13.0;
						TestTargetID = BCED4398270C42E900234EEF;
					};
					BCED43B8270C42EC00234EEF = {
						CreatedOnToolsVersion = 13.0;
						TestTargetID = BCED4398270C42E900234EEF;
					};
				};
			};
			buildConfigurationList = BCED4394270C42E900234EEF /* Build configuration list for PBXProject "HW3_HusnuTas" */;
			compatibilityVersion = "Xcode 13.0";
			developmentRegion = en;
			hasScannedForEncodings = 0;
			knownRegions = (
				en,
				Base,
			);
			mainGroup = BCED4390270C42E900234EEF;
			packageReferences = (
				BCC395FA27125947001A19FD /* XCRemoteSwiftPackageReference "DefaultNetworkOperationPackage" */,
			);
			productRefGroup = BCED439A270C42E900234EEF /* Products */;
			projectDirPath = "";
			projectRoot = "";
			targets = (
				BCED4398270C42E900234EEF /* HW3_HusnuTas */,
				BCED43AE270C42EC00234EEF /* HW3_HusnuTasTests */,
				BCED43B8270C42EC00234EEF /* HW3_HusnuTasUITests */,
			);
		};
/* End PBXProject section */

/* Begin PBXResourcesBuildPhase section */
		BCED4397270C42E900234EEF /* Resources */ = {
			isa = PBXResourcesBuildPhase;
			buildActionMask = 2147483647;
			files = (
				BCED43A9270C42EC00234EEF /* LaunchScreen.storyboard in Resources */,
				BCED43A6270C42EC00234EEF /* Assets.xcassets in Resources */,
			);
			runOnlyForDeploymentPostprocessing = 0;
		};
		BCED43AD270C42EC00234EEF /* Resources */ = {
			isa = PBXResourcesBuildPhase;
			buildActionMask = 2147483647;
			files = (
			);
			runOnlyForDeploymentPostprocessing = 0;
		};
		BCED43B7270C42EC00234EEF /* Resources */ = {
			isa = PBXResourcesBuildPhase;
			buildActionMask = 2147483647;
			files = (
			);
			runOnlyForDeploymentPostprocessing = 0;
		};
/* End PBXResourcesBuildPhase section */

/* Begin PBXSourcesBuildPhase section */
		BCED4395270C42E900234EEF /* Sources */ = {
			isa = PBXSourcesBuildPhase;
			buildActionMask = 2147483647;
			files = (
				BCC3963527146272001A19FD /* CharacterListViewFormatterProtocol.swift in Sources */,
				BCC3960127125D3F001A19FD /* CharacterListViewBuilder.swift in Sources */,
				BCC3960327125D4A001A19FD /* CharacterListViewModel.swift in Sources */,
				BCC3962D27143D3A001A19FD /* MarvelCharacterApiServiceProvider.swift in Sources */,
				BCC395F427124271001A19FD /* FavoriteViewModel.swift in Sources */,
				BCC395EE27123FE7001A19FD /* TabBarImages.swift in Sources */,
				BCC396252713AC21001A19FD /* ImageCacheManager.swift in Sources */,
				BCC3963127144461001A19FD /* CharacterListViewState.swift in Sources */,
				BCC396212713AB52001A19FD /* CustomImageLoadingType.swift in Sources */,
				BCC3961327139977001A19FD /* BaseTableViewCell.swift in Sources */,
				BCC396202713AB52001A19FD /* CustomImageViewComponent.swift in Sources */,
				BCC395EF27123FE7001A19FD /* FontManager.swift in Sources */,
				BCC395EC27123FE7001A19FD /* UIView+Extensions.swift in Sources */,
				BCC396272713B100001A19FD /* ItemTableViewCellData.swift in Sources */,
				BCC39611271398A9001A19FD /* ItemTableViewCell.swift in Sources */,
				BCC395FF27125D23001A19FD /* CharacterListViewController.swift in Sources */,
				BCC3960D271391AD001A19FD /* GenericDataProtocol.swift in Sources */,
				BCED43D5270E2B9200234EEF /* MainViewModel.swift in Sources */,
				BCED43E1270E2D5900234EEF /* GenericBaseView.swift in Sources */,
				BCC3961F2713AB52001A19FD /* CustomImageViewComponentData.swift in Sources */,
				BCED43D7270E2BAD00234EEF /* MainViewController.swift in Sources */,
				BCED43E0270E2D5900234EEF /* BaseViewController.swift in Sources */,
				BCC395F627124290001A19FD /* FavoriteViewBuilder.swift in Sources */,
				BCC3961727139AF5001A19FD /* LabelPackComponentData.swift in Sources */,
				BCC3962F27143D6A001A19FD /* BaseRequest.swift in Sources */,
				BCC395F927124F0E001A19FD /* TestViewController.swift in Sources */,
				BCC3961E2713AB52001A19FD /* CustomImageViewComponentContainer.swift in Sources */,
				BCC395EA27123FE7001A19FD /* GenericValueProtocol.swift in Sources */,
				BCC395DB2712358D001A19FD /* MainTabBarViewController.swift in Sources */,
				BCC3961827139AF5001A19FD /* LabelPackComponent.swift in Sources */,
				BCC3963B2714E3BA001A19FD /* LabelPackComponentModifier.swift in Sources */,
				BCC3960B271390E2001A19FD /* ItemListProtocol.swift in Sources */,
				BCC3963327146265001A19FD /* CharacterListViewFormatter.swift in Sources */,
				BCC3962B2713C7CF001A19FD /* MarvelCharacterDataResponse.swift in Sources */,
				BCC395DD271236F4001A19FD /* MainTabBarBuilder.swift in Sources */,
				BCED43D9270E2BC800234EEF /* MainViewBuilder.swift in Sources */,
				BCC395F22712425D001A19FD /* FavoriteViewController.swift in Sources */,
				BCC396072713575B001A19FD /* ItemListView.swift in Sources */,
				BCED439D270C42E900234EEF /* AppDelegate.swift in Sources */,
				BCED43E2270E2D5900234EEF /* BaseView.swift in Sources */,
				BCC395ED27123FE7001A19FD /* String+Extension.swift in Sources */,
				BCED439F270C42E900234EEF /* SceneDelegate.swift in Sources */,
			);
			runOnlyForDeploymentPostprocessing = 0;
		};
		BCED43AB270C42EC00234EEF /* Sources */ = {
			isa = PBXSourcesBuildPhase;
			buildActionMask = 2147483647;
			files = (
				BCED43B4270C42EC00234EEF /* HW3_HusnuTasTests.swift in Sources */,
			);
			runOnlyForDeploymentPostprocessing = 0;
		};
		BCED43B5270C42EC00234EEF /* Sources */ = {
			isa = PBXSourcesBuildPhase;
			buildActionMask = 2147483647;
			files = (
				BCED43C0270C42EC00234EEF /* HW3_HusnuTasUITestsLaunchTests.swift in Sources */,
				BCED43BE270C42EC00234EEF /* HW3_HusnuTasUITests.swift in Sources */,
			);
			runOnlyForDeploymentPostprocessing = 0;
		};
/* End PBXSourcesBuildPhase section */

/* Begin PBXTargetDependency section */
		BCED43B1270C42EC00234EEF /* PBXTargetDependency */ = {
			isa = PBXTargetDependency;
			target = BCED4398270C42E900234EEF /* HW3_HusnuTas */;
			targetProxy = BCED43B0270C42EC00234EEF /* PBXContainerItemProxy */;
		};
		BCED43BB270C42EC00234EEF /* PBXTargetDependency */ = {
			isa = PBXTargetDependency;
			target = BCED4398270C42E900234EEF /* HW3_HusnuTas */;
			targetProxy = BCED43BA270C42EC00234EEF /* PBXContainerItemProxy */;
		};
/* End PBXTargetDependency section */

/* Begin PBXVariantGroup section */
		BCED43A7270C42EC00234EEF /* LaunchScreen.storyboard */ = {
			isa = PBXVariantGroup;
			children = (
				BCED43A8270C42EC00234EEF /* Base */,
			);
			name = LaunchScreen.storyboard;
			sourceTree = "<group>";
		};
/* End PBXVariantGroup section */

/* Begin XCBuildConfiguration section */
		BCED43C1270C42EC00234EEF /* Debug */ = {
			isa = XCBuildConfiguration;
			buildSettings = {
				ALWAYS_SEARCH_USER_PATHS = NO;
				CLANG_ANALYZER_NONNULL = YES;
				CLANG_ANALYZER_NUMBER_OBJECT_CONVERSION = YES_AGGRESSIVE;
				CLANG_CXX_LANGUAGE_STANDARD = "gnu++17";
				CLANG_CXX_LIBRARY = "libc++";
				CLANG_ENABLE_MODULES = YES;
				CLANG_ENABLE_OBJC_ARC = YES;
				CLANG_ENABLE_OBJC_WEAK = YES;
				CLANG_WARN_BLOCK_CAPTURE_AUTORELEASING = YES;
				CLANG_WARN_BOOL_CONVERSION = YES;
				CLANG_WARN_COMMA = YES;
				CLANG_WARN_CONSTANT_CONVERSION = YES;
				CLANG_WARN_DEPRECATED_OBJC_IMPLEMENTATIONS = YES;
				CLANG_WARN_DIRECT_OBJC_ISA_USAGE = YES_ERROR;
				CLANG_WARN_DOCUMENTATION_COMMENTS = YES;
				CLANG_WARN_EMPTY_BODY = YES;
				CLANG_WARN_ENUM_CONVERSION = YES;
				CLANG_WARN_INFINITE_RECURSION = YES;
				CLANG_WARN_INT_CONVERSION = YES;
				CLANG_WARN_NON_LITERAL_NULL_CONVERSION = YES;
				CLANG_WARN_OBJC_IMPLICIT_RETAIN_SELF = YES;
				CLANG_WARN_OBJC_LITERAL_CONVERSION = YES;
				CLANG_WARN_OBJC_ROOT_CLASS = YES_ERROR;
				CLANG_WARN_QUOTED_INCLUDE_IN_FRAMEWORK_HEADER = YES;
				CLANG_WARN_RANGE_LOOP_ANALYSIS = YES;
				CLANG_WARN_STRICT_PROTOTYPES = YES;
				CLANG_WARN_SUSPICIOUS_MOVE = YES;
				CLANG_WARN_UNGUARDED_AVAILABILITY = YES_AGGRESSIVE;
				CLANG_WARN_UNREACHABLE_CODE = YES;
				CLANG_WARN__DUPLICATE_METHOD_MATCH = YES;
				COPY_PHASE_STRIP = NO;
				DEBUG_INFORMATION_FORMAT = dwarf;
				ENABLE_STRICT_OBJC_MSGSEND = YES;
				ENABLE_TESTABILITY = YES;
				GCC_C_LANGUAGE_STANDARD = gnu11;
				GCC_DYNAMIC_NO_PIC = NO;
				GCC_NO_COMMON_BLOCKS = YES;
				GCC_OPTIMIZATION_LEVEL = 0;
				GCC_PREPROCESSOR_DEFINITIONS = (
					"DEBUG=1",
					"$(inherited)",
				);
				GCC_WARN_64_TO_32_BIT_CONVERSION = YES;
				GCC_WARN_ABOUT_RETURN_TYPE = YES_ERROR;
				GCC_WARN_UNDECLARED_SELECTOR = YES;
				GCC_WARN_UNINITIALIZED_AUTOS = YES_AGGRESSIVE;
				GCC_WARN_UNUSED_FUNCTION = YES;
				GCC_WARN_UNUSED_VARIABLE = YES;
				IPHONEOS_DEPLOYMENT_TARGET = 15.0;
				MTL_ENABLE_DEBUG_INFO = INCLUDE_SOURCE;
				MTL_FAST_MATH = YES;
				ONLY_ACTIVE_ARCH = YES;
				SDKROOT = iphoneos;
				SWIFT_ACTIVE_COMPILATION_CONDITIONS = DEBUG;
				SWIFT_OPTIMIZATION_LEVEL = "-Onone";
			};
			name = Debug;
		};
		BCED43C2270C42EC00234EEF /* Release */ = {
			isa = XCBuildConfiguration;
			buildSettings = {
				ALWAYS_SEARCH_USER_PATHS = NO;
				CLANG_ANALYZER_NONNULL = YES;
				CLANG_ANALYZER_NUMBER_OBJECT_CONVERSION = YES_AGGRESSIVE;
				CLANG_CXX_LANGUAGE_STANDARD = "gnu++17";
				CLANG_CXX_LIBRARY = "libc++";
				CLANG_ENABLE_MODULES = YES;
				CLANG_ENABLE_OBJC_ARC = YES;
				CLANG_ENABLE_OBJC_WEAK = YES;
				CLANG_WARN_BLOCK_CAPTURE_AUTORELEASING = YES;
				CLANG_WARN_BOOL_CONVERSION = YES;
				CLANG_WARN_COMMA = YES;
				CLANG_WARN_CONSTANT_CONVERSION = YES;
				CLANG_WARN_DEPRECATED_OBJC_IMPLEMENTATIONS = YES;
				CLANG_WARN_DIRECT_OBJC_ISA_USAGE = YES_ERROR;
				CLANG_WARN_DOCUMENTATION_COMMENTS = YES;
				CLANG_WARN_EMPTY_BODY = YES;
				CLANG_WARN_ENUM_CONVERSION = YES;
				CLANG_WARN_INFINITE_RECURSION = YES;
				CLANG_WARN_INT_CONVERSION = YES;
				CLANG_WARN_NON_LITERAL_NULL_CONVERSION = YES;
				CLANG_WARN_OBJC_IMPLICIT_RETAIN_SELF = YES;
				CLANG_WARN_OBJC_LITERAL_CONVERSION = YES;
				CLANG_WARN_OBJC_ROOT_CLASS = YES_ERROR;
				CLANG_WARN_QUOTED_INCLUDE_IN_FRAMEWORK_HEADER = YES;
				CLANG_WARN_RANGE_LOOP_ANALYSIS = YES;
				CLANG_WARN_STRICT_PROTOTYPES = YES;
				CLANG_WARN_SUSPICIOUS_MOVE = YES;
				CLANG_WARN_UNGUARDED_AVAILABILITY = YES_AGGRESSIVE;
				CLANG_WARN_UNREACHABLE_CODE = YES;
				CLANG_WARN__DUPLICATE_METHOD_MATCH = YES;
				COPY_PHASE_STRIP = NO;
				DEBUG_INFORMATION_FORMAT = "dwarf-with-dsym";
				ENABLE_NS_ASSERTIONS = NO;
				ENABLE_STRICT_OBJC_MSGSEND = YES;
				GCC_C_LANGUAGE_STANDARD = gnu11;
				GCC_NO_COMMON_BLOCKS = YES;
				GCC_WARN_64_TO_32_BIT_CONVERSION = YES;
				GCC_WARN_ABOUT_RETURN_TYPE = YES_ERROR;
				GCC_WARN_UNDECLARED_SELECTOR = YES;
				GCC_WARN_UNINITIALIZED_AUTOS = YES_AGGRESSIVE;
				GCC_WARN_UNUSED_FUNCTION = YES;
				GCC_WARN_UNUSED_VARIABLE = YES;
				IPHONEOS_DEPLOYMENT_TARGET = 15.0;
				MTL_ENABLE_DEBUG_INFO = NO;
				MTL_FAST_MATH = YES;
				SDKROOT = iphoneos;
				SWIFT_COMPILATION_MODE = wholemodule;
				SWIFT_OPTIMIZATION_LEVEL = "-O";
				VALIDATE_PRODUCT = YES;
			};
			name = Release;
		};
		BCED43C4270C42EC00234EEF /* Debug */ = {
			isa = XCBuildConfiguration;
			buildSettings = {
				ASSETCATALOG_COMPILER_APPICON_NAME = AppIcon;
				ASSETCATALOG_COMPILER_GLOBAL_ACCENT_COLOR_NAME = AccentColor;
				CODE_SIGN_STYLE = Automatic;
				CURRENT_PROJECT_VERSION = 1;
				DEVELOPMENT_TEAM = 2BAW85345C;
				GENERATE_INFOPLIST_FILE = YES;
				INFOPLIST_FILE = HW3_HusnuTas/Info.plist;
				INFOPLIST_KEY_UIApplicationSupportsIndirectInputEvents = YES;
				INFOPLIST_KEY_UILaunchStoryboardName = LaunchScreen;
				INFOPLIST_KEY_UISupportedInterfaceOrientations_iPad = "UIInterfaceOrientationPortrait UIInterfaceOrientationPortraitUpsideDown UIInterfaceOrientationLandscapeLeft UIInterfaceOrientationLandscapeRight";
				INFOPLIST_KEY_UISupportedInterfaceOrientations_iPhone = "UIInterfaceOrientationPortrait UIInterfaceOrientationLandscapeLeft UIInterfaceOrientationLandscapeRight";
				IPHONEOS_DEPLOYMENT_TARGET = 15.0;
				LD_RUNPATH_SEARCH_PATHS = (
					"$(inherited)",
					"@executable_path/Frameworks",
				);
				MARKETING_VERSION = 1.0;
				PRODUCT_BUNDLE_IDENTIFIER = "com.husnutas.HW3-HusnuTas";
				PRODUCT_NAME = "$(TARGET_NAME)";
				SWIFT_EMIT_LOC_STRINGS = YES;
				SWIFT_VERSION = 5.0;
				TARGETED_DEVICE_FAMILY = "1,2";
			};
			name = Debug;
		};
		BCED43C5270C42EC00234EEF /* Release */ = {
			isa = XCBuildConfiguration;
			buildSettings = {
				ASSETCATALOG_COMPILER_APPICON_NAME = AppIcon;
				ASSETCATALOG_COMPILER_GLOBAL_ACCENT_COLOR_NAME = AccentColor;
				CODE_SIGN_STYLE = Automatic;
				CURRENT_PROJECT_VERSION = 1;
				DEVELOPMENT_TEAM = 2BAW85345C;
				GENERATE_INFOPLIST_FILE = YES;
				INFOPLIST_FILE = HW3_HusnuTas/Info.plist;
				INFOPLIST_KEY_UIApplicationSupportsIndirectInputEvents = YES;
				INFOPLIST_KEY_UILaunchStoryboardName = LaunchScreen;
				INFOPLIST_KEY_UISupportedInterfaceOrientations_iPad = "UIInterfaceOrientationPortrait UIInterfaceOrientationPortraitUpsideDown UIInterfaceOrientationLandscapeLeft UIInterfaceOrientationLandscapeRight";
				INFOPLIST_KEY_UISupportedInterfaceOrientations_iPhone = "UIInterfaceOrientationPortrait UIInterfaceOrientationLandscapeLeft UIInterfaceOrientationLandscapeRight";
				IPHONEOS_DEPLOYMENT_TARGET = 15.0;
				LD_RUNPATH_SEARCH_PATHS = (
					"$(inherited)",
					"@executable_path/Frameworks",
				);
				MARKETING_VERSION = 1.0;
				PRODUCT_BUNDLE_IDENTIFIER = "com.husnutas.HW3-HusnuTas";
				PRODUCT_NAME = "$(TARGET_NAME)";
				SWIFT_EMIT_LOC_STRINGS = YES;
				SWIFT_VERSION = 5.0;
				TARGETED_DEVICE_FAMILY = "1,2";
			};
			name = Release;
		};
		BCED43C7270C42EC00234EEF /* Debug */ = {
			isa = XCBuildConfiguration;
			buildSettings = {
				ALWAYS_EMBED_SWIFT_STANDARD_LIBRARIES = YES;
				BUNDLE_LOADER = "$(TEST_HOST)";
				CODE_SIGN_STYLE = Automatic;
				CURRENT_PROJECT_VERSION = 1;
				DEVELOPMENT_TEAM = 2BAW85345C;
				GENERATE_INFOPLIST_FILE = YES;
				IPHONEOS_DEPLOYMENT_TARGET = 15.0;
				LD_RUNPATH_SEARCH_PATHS = (
					"$(inherited)",
					"@executable_path/Frameworks",
					"@loader_path/Frameworks",
				);
				MARKETING_VERSION = 1.0;
				PRODUCT_BUNDLE_IDENTIFIER = "com.husnutas.HW3-HusnuTasTests";
				PRODUCT_NAME = "$(TARGET_NAME)";
				SWIFT_EMIT_LOC_STRINGS = NO;
				SWIFT_VERSION = 5.0;
				TARGETED_DEVICE_FAMILY = "1,2";
				TEST_HOST = "$(BUILT_PRODUCTS_DIR)/HW3_HusnuTas.app/HW3_HusnuTas";
			};
			name = Debug;
		};
		BCED43C8270C42EC00234EEF /* Release */ = {
			isa = XCBuildConfiguration;
			buildSettings = {
				ALWAYS_EMBED_SWIFT_STANDARD_LIBRARIES = YES;
				BUNDLE_LOADER = "$(TEST_HOST)";
				CODE_SIGN_STYLE = Automatic;
				CURRENT_PROJECT_VERSION = 1;
				DEVELOPMENT_TEAM = 2BAW85345C;
				GENERATE_INFOPLIST_FILE = YES;
				IPHONEOS_DEPLOYMENT_TARGET = 15.0;
				LD_RUNPATH_SEARCH_PATHS = (
					"$(inherited)",
					"@executable_path/Frameworks",
					"@loader_path/Frameworks",
				);
				MARKETING_VERSION = 1.0;
				PRODUCT_BUNDLE_IDENTIFIER = "com.husnutas.HW3-HusnuTasTests";
				PRODUCT_NAME = "$(TARGET_NAME)";
				SWIFT_EMIT_LOC_STRINGS = NO;
				SWIFT_VERSION = 5.0;
				TARGETED_DEVICE_FAMILY = "1,2";
				TEST_HOST = "$(BUILT_PRODUCTS_DIR)/HW3_HusnuTas.app/HW3_HusnuTas";
			};
			name = Release;
		};
		BCED43CA270C42EC00234EEF /* Debug */ = {
			isa = XCBuildConfiguration;
			buildSettings = {
				ALWAYS_EMBED_SWIFT_STANDARD_LIBRARIES = YES;
				CODE_SIGN_STYLE = Automatic;
				CURRENT_PROJECT_VERSION = 1;
				DEVELOPMENT_TEAM = 2BAW85345C;
				GENERATE_INFOPLIST_FILE = YES;
				LD_RUNPATH_SEARCH_PATHS = (
					"$(inherited)",
					"@executable_path/Frameworks",
					"@loader_path/Frameworks",
				);
				MARKETING_VERSION = 1.0;
				PRODUCT_BUNDLE_IDENTIFIER = "com.husnutas.HW3-HusnuTasUITests";
				PRODUCT_NAME = "$(TARGET_NAME)";
				SWIFT_EMIT_LOC_STRINGS = NO;
				SWIFT_VERSION = 5.0;
				TARGETED_DEVICE_FAMILY = "1,2";
				TEST_TARGET_NAME = HW3_HusnuTas;
			};
			name = Debug;
		};
		BCED43CB270C42EC00234EEF /* Release */ = {
			isa = XCBuildConfiguration;
			buildSettings = {
				ALWAYS_EMBED_SWIFT_STANDARD_LIBRARIES = YES;
				CODE_SIGN_STYLE = Automatic;
				CURRENT_PROJECT_VERSION = 1;
				DEVELOPMENT_TEAM = 2BAW85345C;
				GENERATE_INFOPLIST_FILE = YES;
				LD_RUNPATH_SEARCH_PATHS = (
					"$(inherited)",
					"@executable_path/Frameworks",
					"@loader_path/Frameworks",
				);
				MARKETING_VERSION = 1.0;
				PRODUCT_BUNDLE_IDENTIFIER = "com.husnutas.HW3-HusnuTasUITests";
				PRODUCT_NAME = "$(TARGET_NAME)";
				SWIFT_EMIT_LOC_STRINGS = NO;
				SWIFT_VERSION = 5.0;
				TARGETED_DEVICE_FAMILY = "1,2";
				TEST_TARGET_NAME = HW3_HusnuTas;
			};
			name = Release;
		};
/* End XCBuildConfiguration section */

/* Begin XCConfigurationList section */
		BCED4394270C42E900234EEF /* Build configuration list for PBXProject "HW3_HusnuTas" */ = {
			isa = XCConfigurationList;
			buildConfigurations = (
				BCED43C1270C42EC00234EEF /* Debug */,
				BCED43C2270C42EC00234EEF /* Release */,
			);
			defaultConfigurationIsVisible = 0;
			defaultConfigurationName = Release;
		};
		BCED43C3270C42EC00234EEF /* Build configuration list for PBXNativeTarget "HW3_HusnuTas" */ = {
			isa = XCConfigurationList;
			buildConfigurations = (
				BCED43C4270C42EC00234EEF /* Debug */,
				BCED43C5270C42EC00234EEF /* Release */,
			);
			defaultConfigurationIsVisible = 0;
			defaultConfigurationName = Release;
		};
		BCED43C6270C42EC00234EEF /* Build configuration list for PBXNativeTarget "HW3_HusnuTasTests" */ = {
			isa = XCConfigurationList;
			buildConfigurations = (
				BCED43C7270C42EC00234EEF /* Debug */,
				BCED43C8270C42EC00234EEF /* Release */,
			);
			defaultConfigurationIsVisible = 0;
			defaultConfigurationName = Release;
		};
		BCED43C9270C42EC00234EEF /* Build configuration list for PBXNativeTarget "HW3_HusnuTasUITests" */ = {
			isa = XCConfigurationList;
			buildConfigurations = (
				BCED43CA270C42EC00234EEF /* Debug */,
				BCED43CB270C42EC00234EEF /* Release */,
			);
			defaultConfigurationIsVisible = 0;
			defaultConfigurationName = Release;
		};
/* End XCConfigurationList section */

/* Begin XCRemoteSwiftPackageReference section */
		BCC395FA27125947001A19FD /* XCRemoteSwiftPackageReference "DefaultNetworkOperationPackage" */ = {
			isa = XCRemoteSwiftPackageReference;
			repositoryURL = "https://github.com/husnutass/DefaultNetworkOperationPackage";
			requirement = {
				branch = main;
				kind = branch;
			};
		};
/* End XCRemoteSwiftPackageReference section */

/* Begin XCSwiftPackageProductDependency section */
		BCC395FB27125947001A19FD /* DefaultNetworkOperationPackage */ = {
			isa = XCSwiftPackageProductDependency;
			package = BCC395FA27125947001A19FD /* XCRemoteSwiftPackageReference "DefaultNetworkOperationPackage" */;
			productName = DefaultNetworkOperationPackage;
		};
/* End XCSwiftPackageProductDependency section */
	};
	rootObject = BCED4391270C42E900234EEF /* Project object */;
}
