// !$*UTF8*$!
{
	archiveVersion = 1;
	classes = {
	};
	objectVersion = 55;
	objects = {

/* Begin PBXBuildFile section */
		BCC395DB2712358D001A19FD /* MainTabBarViewController.swift in Sources */ = {isa = PBXBuildFile; fileRef = BCC395DA2712358D001A19FD /* MainTabBarViewController.swift */; };
		BCC395DD271236F4001A19FD /* MainTabBarBuilder.swift in Sources */ = {isa = PBXBuildFile; fileRef = BCC395DC271236F4001A19FD /* MainTabBarBuilder.swift */; };
		BCC395EA27123FE7001A19FD /* GenericValueProtocol.swift in Sources */ = {isa = PBXBuildFile; fileRef = BCC395DF27123FE7001A19FD /* GenericValueProtocol.swift */; };
		BCC395EB27123FE7001A19FD /* PermissionLocalizables.swift in Sources */ = {isa = PBXBuildFile; fileRef = BCC395E127123FE7001A19FD /* PermissionLocalizables.swift */; };
		BCC395EC27123FE7001A19FD /* UIView+Extensions.swift in Sources */ = {isa = PBXBuildFile; fileRef = BCC395E327123FE7001A19FD /* UIView+Extensions.swift */; };
		BCC395ED27123FE7001A19FD /* String+Extension.swift in Sources */ = {isa = PBXBuildFile; fileRef = BCC395E427123FE7001A19FD /* String+Extension.swift */; };
		BCC395EE27123FE7001A19FD /* TabBarImages.swift in Sources */ = {isa = PBXBuildFile; fileRef = BCC395E727123FE7001A19FD /* TabBarImages.swift */; };
		BCC395EF27123FE7001A19FD /* FontManager.swift in Sources */ = {isa = PBXBuildFile; fileRef = BCC395E927123FE7001A19FD /* FontManager.swift */; };
		BCC395F22712425D001A19FD /* FavoriteViewController.swift in Sources */ = {isa = PBXBuildFile; fileRef = BCC395F12712425D001A19FD /* FavoriteViewController.swift */; };
		BCC395F427124271001A19FD /* FavoriteViewModel.swift in Sources */ = {isa = PBXBuildFile; fileRef = BCC395F327124271001A19FD /* FavoriteViewModel.swift */; };
		BCC395F627124290001A19FD /* FavoriteViewBuilder.swift in Sources */ = {isa = PBXBuildFile; fileRef = BCC395F527124290001A19FD /* FavoriteViewBuilder.swift */; };
		BCC395F927124F0E001A19FD /* TestViewController.swift in Sources */ = {isa = PBXBuildFile; fileRef = BCC395F827124F0E001A19FD /* TestViewController.swift */; };
		BCED439D270C42E900234EEF /* AppDelegate.swift in Sources */ = {isa = PBXBuildFile; fileRef = BCED439C270C42E900234EEF /* AppDelegate.swift */; };
		BCED439F270C42E900234EEF /* SceneDelegate.swift in Sources */ = {isa = PBXBuildFile; fileRef = BCED439E270C42E900234EEF /* SceneDelegate.swift */; };
		BCED43A6270C42EC00234EEF /* Assets.xcassets in Resources */ = {isa = PBXBuildFile; fileRef = BCED43A5270C42EC00234EEF /* Assets.xcassets */; };
		BCED43A9270C42EC00234EEF /* LaunchScreen.storyboard in Resources */ = {isa = PBXBuildFile; fileRef = BCED43A7270C42EC00234EEF /* LaunchScreen.storyboard */; };
		BCED43B4270C42EC00234EEF /* HW3_HusnuTasTests.swift in Sources */ = {isa = PBXBuildFile; fileRef = BCED43B3270C42EC00234EEF /* HW3_HusnuTasTests.swift */; };
		BCED43BE270C42EC00234EEF /* HW3_HusnuTasUITests.swift in Sources */ = {isa = PBXBuildFile; fileRef = BCED43BD270C42EC00234EEF /* HW3_HusnuTasUITests.swift */; };
		BCED43C0270C42EC00234EEF /* HW3_HusnuTasUITestsLaunchTests.swift in Sources */ = {isa = PBXBuildFile; fileRef = BCED43BF270C42EC00234EEF /* HW3_HusnuTasUITestsLaunchTests.swift */; };
		BCED43D5270E2B9200234EEF /* MainViewModel.swift in Sources */ = {isa = PBXBuildFile; fileRef = BCED43D4270E2B9200234EEF /* MainViewModel.swift */; };
		BCED43D7270E2BAD00234EEF /* MainViewController.swift in Sources */ = {isa = PBXBuildFile; fileRef = BCED43D6270E2BAD00234EEF /* MainViewController.swift */; };
		BCED43D9270E2BC800234EEF /* MainViewBuilder.swift in Sources */ = {isa = PBXBuildFile; fileRef = BCED43D8270E2BC800234EEF /* MainViewBuilder.swift */; };
		BCED43E0270E2D5900234EEF /* BaseViewController.swift in Sources */ = {isa = PBXBuildFile; fileRef = BCED43DC270E2D5900234EEF /* BaseViewController.swift */; };
		BCED43E1270E2D5900234EEF /* GenericBaseView.swift in Sources */ = {isa = PBXBuildFile; fileRef = BCED43DD270E2D5900234EEF /* GenericBaseView.swift */; };
		BCED43E2270E2D5900234EEF /* BaseView.swift in Sources */ = {isa = PBXBuildFile; fileRef = BCED43DE270E2D5900234EEF /* BaseView.swift */; };
/* End PBXBuildFile section */

/* Begin PBXContainerItemProxy section */
		BCED43B0270C42EC00234EEF /* PBXContainerItemProxy */ = {
			isa = PBXContainerItemProxy;
			containerPortal = BCED4391270C42E900234EEF /* Project object */;
			proxyType = 1;
			remoteGlobalIDString = BCED4398270C42E900234EEF;
			remoteInfo = HW3_HusnuTas;
		};
		BCED43BA270C42EC00234EEF /* PBXContainerItemProxy */ = {
			isa = PBXContainerItemProxy;
			containerPortal = BCED4391270C42E900234EEF /* Project object */;
			proxyType = 1;
			remoteGlobalIDString = BCED4398270C42E900234EEF;
			remoteInfo = HW3_HusnuTas;
		};
/* End PBXContainerItemProxy section */

/* Begin PBXFileReference section */
		BCC395DA2712358D001A19FD /* MainTabBarViewController.swift */ = {isa = PBXFileReference; lastKnownFileType = sourcecode.swift; path = MainTabBarViewController.swift; sourceTree = "<group>"; };
		BCC395DC271236F4001A19FD /* MainTabBarBuilder.swift */ = {isa = PBXFileReference; lastKnownFileType = sourcecode.swift; path = MainTabBarBuilder.swift; sourceTree = "<group>"; };
		BCC395DF27123FE7001A19FD /* GenericValueProtocol.swift */ = {isa = PBXFileReference; fileEncoding = 4; lastKnownFileType = sourcecode.swift; path = GenericValueProtocol.swift; sourceTree = "<group>"; };
		BCC395E127123FE7001A19FD /* PermissionLocalizables.swift */ = {isa = PBXFileReference; fileEncoding = 4; lastKnownFileType = sourcecode.swift; path = PermissionLocalizables.swift; sourceTree = "<group>"; };
		BCC395E327123FE7001A19FD /* UIView+Extensions.swift */ = {isa = PBXFileReference; fileEncoding = 4; lastKnownFileType = sourcecode.swift; path = "UIView+Extensions.swift"; sourceTree = "<group>"; };
		BCC395E427123FE7001A19FD /* String+Extension.swift */ = {isa = PBXFileReference; fileEncoding = 4; lastKnownFileType = sourcecode.swift; path = "String+Extension.swift"; sourceTree = "<group>"; };
		BCC395E727123FE7001A19FD /* TabBarImages.swift */ = {isa = PBXFileReference; fileEncoding = 4; lastKnownFileType = sourcecode.swift; path = TabBarImages.swift; sourceTree = "<group>"; };
		BCC395E927123FE7001A19FD /* FontManager.swift */ = {isa = PBXFileReference; fileEncoding = 4; lastKnownFileType = sourcecode.swift; path = FontManager.swift; sourceTree = "<group>"; };
		BCC395F12712425D001A19FD /* FavoriteViewController.swift */ = {isa = PBXFileReference; lastKnownFileType = sourcecode.swift; path = FavoriteViewController.swift; sourceTree = "<group>"; };
		BCC395F327124271001A19FD /* FavoriteViewModel.swift */ = {isa = PBXFileReference; lastKnownFileType = sourcecode.swift; path = FavoriteViewModel.swift; sourceTree = "<group>"; };
		BCC395F527124290001A19FD /* FavoriteViewBuilder.swift */ = {isa = PBXFileReference; lastKnownFileType = sourcecode.swift; path = FavoriteViewBuilder.swift; sourceTree = "<group>"; };
		BCC395F827124F0E001A19FD /* TestViewController.swift */ = {isa = PBXFileReference; lastKnownFileType = sourcecode.swift; path = TestViewController.swift; sourceTree = "<group>"; };
		BCED4399270C42E900234EEF /* HW3_HusnuTas.app */ = {isa = PBXFileReference; explicitFileType = wrapper.application; includeInIndex = 0; path = HW3_HusnuTas.app; sourceTree = BUILT_PRODUCTS_DIR; };
		BCED439C270C42E900234EEF /* AppDelegate.swift */ = {isa = PBXFileReference; lastKnownFileType = sourcecode.swift; path = AppDelegate.swift; sourceTree = "<group>"; };
		BCED439E270C42E900234EEF /* SceneDelegate.swift */ = {isa = PBXFileReference; lastKnownFileType = sourcecode.swift; path = SceneDelegate.swift; sourceTree = "<group>"; };
		BCED43A5270C42EC00234EEF /* Assets.xcassets */ = {isa = PBXFileReference; lastKnownFileType = folder.assetcatalog; path = Assets.xcassets; sourceTree = "<group>"; };
		BCED43A8270C42EC00234EEF /* Base */ = {isa = PBXFileReference; lastKnownFileType = file.storyboard; name = Base; path = Base.lproj/LaunchScreen.storyboard; sourceTree = "<group>"; };
		BCED43AA270C42EC00234EEF /* Info.plist */ = {isa = PBXFileReference; lastKnownFileType = text.plist.xml; path = Info.plist; sourceTree = "<group>"; };
		BCED43AF270C42EC00234EEF /* HW3_HusnuTasTests.xctest */ = {isa = PBXFileReference; explicitFileType = wrapper.cfbundle; includeInIndex = 0; path = HW3_HusnuTasTests.xctest; sourceTree = BUILT_PRODUCTS_DIR; };
		BCED43B3270C42EC00234EEF /* HW3_HusnuTasTests.swift */ = {isa = PBXFileReference; lastKnownFileType = sourcecode.swift; path = HW3_HusnuTasTests.swift; sourceTree = "<group>"; };
		BCED43B9270C42EC00234EEF /* HW3_HusnuTasUITests.xctest */ = {isa = PBXFileReference; explicitFileType = wrapper.cfbundle; includeInIndex = 0; path = HW3_HusnuTasUITests.xctest; sourceTree = BUILT_PRODUCTS_DIR; };
		BCED43BD270C42EC00234EEF /* HW3_HusnuTasUITests.swift */ = {isa = PBXFileReference; lastKnownFileType = sourcecode.swift; path = HW3_HusnuTasUITests.swift; sourceTree = "<group>"; };
		BCED43BF270C42EC00234EEF /* HW3_HusnuTasUITestsLaunchTests.swift */ = {isa = PBXFileReference; lastKnownFileType = sourcecode.swift; path = HW3_HusnuTasUITestsLaunchTests.swift; sourceTree = "<group>"; };
		BCED43D4270E2B9200234EEF /* MainViewModel.swift */ = {isa = PBXFileReference; lastKnownFileType = sourcecode.swift; path = MainViewModel.swift; sourceTree = "<group>"; };
		BCED43D6270E2BAD00234EEF /* MainViewController.swift */ = {isa = PBXFileReference; lastKnownFileType = sourcecode.swift; path = MainViewController.swift; sourceTree = "<group>"; };
		BCED43D8270E2BC800234EEF /* MainViewBuilder.swift */ = {isa = PBXFileReference; lastKnownFileType = sourcecode.swift; path = MainViewBuilder.swift; sourceTree = "<group>"; };
		BCED43DC270E2D5900234EEF /* BaseViewController.swift */ = {isa = PBXFileReference; fileEncoding = 4; lastKnownFileType = sourcecode.swift; path = BaseViewController.swift; sourceTree = "<group>"; };
		BCED43DD270E2D5900234EEF /* GenericBaseView.swift */ = {isa = PBXFileReference; fileEncoding = 4; lastKnownFileType = sourcecode.swift; path = GenericBaseView.swift; sourceTree = "<group>"; };
		BCED43DE270E2D5900234EEF /* BaseView.swift */ = {isa = PBXFileReference; fileEncoding = 4; lastKnownFileType = sourcecode.swift; path = BaseView.swift; sourceTree = "<group>"; };
/* End PBXFileReference section */

/* Begin PBXFrameworksBuildPhase section */
		BCED4396270C42E900234EEF /* Frameworks */ = {
			isa = PBXFrameworksBuildPhase;
			buildActionMask = 2147483647;
			files = (
			);
			runOnlyForDeploymentPostprocessing = 0;
		};
		BCED43AC270C42EC00234EEF /* Frameworks */ = {
			isa = PBXFrameworksBuildPhase;
			buildActionMask = 2147483647;
			files = (
			);
			runOnlyForDeploymentPostprocessing = 0;
		};
		BCED43B6270C42EC00234EEF /* Frameworks */ = {
			isa = PBXFrameworksBuildPhase;
			buildActionMask = 2147483647;
			files = (
			);
			runOnlyForDeploymentPostprocessing = 0;
		};
/* End PBXFrameworksBuildPhase section */

/* Begin PBXGroup section */
		BCC395D92712354E001A19FD /* MainTabBar */ = {
			isa = PBXGroup;
			children = (
				BCC395DA2712358D001A19FD /* MainTabBarViewController.swift */,
				BCC395DC271236F4001A19FD /* MainTabBarBuilder.swift */,
			);
			path = MainTabBar;
			sourceTree = "<group>";
		};
		BCC395DE27123FE7001A19FD /* Utils */ = {
			isa = PBXGroup;
			children = (
				BCC395DF27123FE7001A19FD /* GenericValueProtocol.swift */,
				BCC395E027123FE7001A19FD /* PermissionLocalizables */,
				BCC395E227123FE7001A19FD /* Extensions */,
				BCC395E527123FE7001A19FD /* AssetHelpers */,
				BCC395E827123FE7001A19FD /* FontManagers */,
			);
			path = Utils;
			sourceTree = "<group>";
		};
		BCC395E027123FE7001A19FD /* PermissionLocalizables */ = {
			isa = PBXGroup;
			children = (
				BCC395E127123FE7001A19FD /* PermissionLocalizables.swift */,
			);
			path = PermissionLocalizables;
			sourceTree = "<group>";
		};
		BCC395E227123FE7001A19FD /* Extensions */ = {
			isa = PBXGroup;
			children = (
				BCC395E327123FE7001A19FD /* UIView+Extensions.swift */,
				BCC395E427123FE7001A19FD /* String+Extension.swift */,
			);
			path = Extensions;
			sourceTree = "<group>";
		};
		BCC395E527123FE7001A19FD /* AssetHelpers */ = {
			isa = PBXGroup;
			children = (
				BCC395E627123FE7001A19FD /* TabBarImages */,
			);
			path = AssetHelpers;
			sourceTree = "<group>";
		};
		BCC395E627123FE7001A19FD /* TabBarImages */ = {
			isa = PBXGroup;
			children = (
				BCC395E727123FE7001A19FD /* TabBarImages.swift */,
			);
			path = TabBarImages;
			sourceTree = "<group>";
		};
		BCC395E827123FE7001A19FD /* FontManagers */ = {
			isa = PBXGroup;
			children = (
				BCC395E927123FE7001A19FD /* FontManager.swift */,
			);
			path = FontManagers;
			sourceTree = "<group>";
		};
		BCC395F02712423A001A19FD /* Favorite */ = {
			isa = PBXGroup;
			children = (
				BCC395F12712425D001A19FD /* FavoriteViewController.swift */,
				BCC395F327124271001A19FD /* FavoriteViewModel.swift */,
				BCC395F527124290001A19FD /* FavoriteViewBuilder.swift */,
			);
			path = Favorite;
			sourceTree = "<group>";
		};
		BCC395F727124EF2001A19FD /* Test */ = {
			isa = PBXGroup;
			children = (
				BCC395F827124F0E001A19FD /* TestViewController.swift */,
			);
			path = Test;
			sourceTree = "<group>";
		};
		BCED4390270C42E900234EEF = {
			isa = PBXGroup;
			children = (
				BCED439B270C42E900234EEF /* HW3_HusnuTas */,
				BCED43B2270C42EC00234EEF /* HW3_HusnuTasTests */,
				BCED43BC270C42EC00234EEF /* HW3_HusnuTasUITests */,
				BCED439A270C42E900234EEF /* Products */,
			);
			sourceTree = "<group>";
		};
		BCED439A270C42E900234EEF /* Products */ = {
			isa = PBXGroup;
			children = (
				BCED4399270C42E900234EEF /* HW3_HusnuTas.app */,
				BCED43AF270C42EC00234EEF /* HW3_HusnuTasTests.xctest */,
				BCED43B9270C42EC00234EEF /* HW3_HusnuTasUITests.xctest */,
			);
			name = Products;
			sourceTree = "<group>";
		};
		BCED439B270C42E900234EEF /* HW3_HusnuTas */ = {
			isa = PBXGroup;
			children = (
				BCC395DE27123FE7001A19FD /* Utils */,
				BCED43DA270E2D5900234EEF /* BaseComponents */,
				BCED43D2270E2B6D00234EEF /* SceneModules */,
				BCED439C270C42E900234EEF /* AppDelegate.swift */,
				BCED439E270C42E900234EEF /* SceneDelegate.swift */,
				BCED43A5270C42EC00234EEF /* Assets.xcassets */,
				BCED43A7270C42EC00234EEF /* LaunchScreen.storyboard */,
				BCED43AA270C42EC00234EEF /* Info.plist */,
			);
			path = HW3_HusnuTas;
			sourceTree = "<group>";
		};
		BCED43B2270C42EC00234EEF /* HW3_HusnuTasTests */ = {
			isa = PBXGroup;
			children = (
				BCED43B3270C42EC00234EEF /* HW3_HusnuTasTests.swift */,
			);
			path = HW3_HusnuTasTests;
			sourceTree = "<group>";
		};
		BCED43BC270C42EC00234EEF /* HW3_HusnuTasUITests */ = {
			isa = PBXGroup;
			children = (
				BCED43BD270C42EC00234EEF /* HW3_HusnuTasUITests.swift */,
				BCED43BF270C42EC00234EEF /* HW3_HusnuTasUITestsLaunchTests.swift */,
			);
			path = HW3_HusnuTasUITests;
			sourceTree = "<group>";
		};
		BCED43D2270E2B6D00234EEF /* SceneModules */ = {
			isa = PBXGroup;
			children = (
				BCC395F727124EF2001A19FD /* Test */,
				BCC395F02712423A001A19FD /* Favorite */,
				BCC395D92712354E001A19FD /* MainTabBar */,
				BCED43D3270E2B7D00234EEF /* Main */,
			);
			path = SceneModules;
			sourceTree = "<group>";
		};
		BCED43D3270E2B7D00234EEF /* Main */ = {
			isa = PBXGroup;
			children = (
				BCED43D4270E2B9200234EEF /* MainViewModel.swift */,
				BCED43D6270E2BAD00234EEF /* MainViewController.swift */,
				BCED43D8270E2BC800234EEF /* MainViewBuilder.swift */,
			);
			path = Main;
			sourceTree = "<group>";
		};
		BCED43DA270E2D5900234EEF /* BaseComponents */ = {
			isa = PBXGroup;
			children = (
				BCED43DC270E2D5900234EEF /* BaseViewController.swift */,
				BCED43DD270E2D5900234EEF /* GenericBaseView.swift */,
				BCED43DE270E2D5900234EEF /* BaseView.swift */,
			);
			path = BaseComponents;
			sourceTree = "<group>";
		};
/* End PBXGroup section */

/* Begin PBXNativeTarget section */
		BCED4398270C42E900234EEF /* HW3_HusnuTas */ = {
			isa = PBXNativeTarget;
			buildConfigurationList = BCED43C3270C42EC00234EEF /* Build configuration list for PBXNativeTarget "HW3_HusnuTas" */;
			buildPhases = (
				BCED4395270C42E900234EEF /* Sources */,
				BCED4396270C42E900234EEF /* Frameworks */,
				BCED4397270C42E900234EEF /* Resources */,
			);
			buildRules = (
			);
			dependencies = (
			);
			name = HW3_HusnuTas;
			productName = HW3_HusnuTas;
			productReference = BCED4399270C42E900234EEF /* HW3_HusnuTas.app */;
			productType = "com.apple.product-type.application";
		};
		BCED43AE270C42EC00234EEF /* HW3_HusnuTasTests */ = {
			isa = PBXNativeTarget;
			buildConfigurationList = BCED43C6270C42EC00234EEF /* Build configuration list for PBXNativeTarget "HW3_HusnuTasTests" */;
			buildPhases = (
				BCED43AB270C42EC00234EEF /* Sources */,
				BCED43AC270C42EC00234EEF /* Frameworks */,
				BCED43AD270C42EC00234EEF /* Resources */,
			);
			buildRules = (
			);
			dependencies = (
				BCED43B1270C42EC00234EEF /* PBXTargetDependency */,
			);
			name = HW3_HusnuTasTests;
			productName = HW3_HusnuTasTests;
			productReference = BCED43AF270C42EC00234EEF /* HW3_HusnuTasTests.xctest */;
			productType = "com.apple.product-type.bundle.unit-test";
		};
		BCED43B8270C42EC00234EEF /* HW3_HusnuTasUITests */ = {
			isa = PBXNativeTarget;
			buildConfigurationList = BCED43C9270C42EC00234EEF /* Build configuration list for PBXNativeTarget "HW3_HusnuTasUITests" */;
			buildPhases = (
				BCED43B5270C42EC00234EEF /* Sources */,
				BCED43B6270C42EC00234EEF /* Frameworks */,
				BCED43B7270C42EC00234EEF /* Resources */,
			);
			buildRules = (
			);
			dependencies = (
				BCED43BB270C42EC00234EEF /* PBXTargetDependency */,
			);
			name = HW3_HusnuTasUITests;
			productName = HW3_HusnuTasUITests;
			productReference = BCED43B9270C42EC00234EEF /* HW3_HusnuTasUITests.xctest */;
			productType = "com.apple.product-type.bundle.ui-testing";
		};
/* End PBXNativeTarget section */

/* Begin PBXProject section */
		BCED4391270C42E900234EEF /* Project object */ = {
			isa = PBXProject;
			attributes = {
				BuildIndependentTargetsInParallel = 1;
				LastSwiftUpdateCheck = 1300;
				LastUpgradeCheck = 1300;
				TargetAttributes = {
					BCED4398270C42E900234EEF = {
						CreatedOnToolsVersion = 13.0;
					};
					BCED43AE270C42EC00234EEF = {
						CreatedOnToolsVersion = 13.0;
						TestTargetID = BCED4398270C42E900234EEF;
					};
					BCED43B8270C42EC00234EEF = {
						CreatedOnToolsVersion = 13.0;
						TestTargetID = BCED4398270C42E900234EEF;
					};
				};
			};
			buildConfigurationList = BCED4394270C42E900234EEF /* Build configuration list for PBXProject "HW3_HusnuTas" */;
			compatibilityVersion = "Xcode 13.0";
			developmentRegion = en;
			hasScannedForEncodings = 0;
			knownRegions = (
				en,
				Base,
			);
			mainGroup = BCED4390270C42E900234EEF;
			productRefGroup = BCED439A270C42E900234EEF /* Products */;
			projectDirPath = "";
			projectRoot = "";
			targets = (
				BCED4398270C42E900234EEF /* HW3_HusnuTas */,
				BCED43AE270C42EC00234EEF /* HW3_HusnuTasTests */,
				BCED43B8270C42EC00234EEF /* HW3_HusnuTasUITests */,
			);
		};
/* End PBXProject section */

/* Begin PBXResourcesBuildPhase section */
		BCED4397270C42E900234EEF /* Resources */ = {
			isa = PBXResourcesBuildPhase;
			buildActionMask = 2147483647;
			files = (
				BCED43A9270C42EC00234EEF /* LaunchScreen.storyboard in Resources */,
				BCED43A6270C42EC00234EEF /* Assets.xcassets in Resources */,
			);
			runOnlyForDeploymentPostprocessing = 0;
		};
		BCED43AD270C42EC00234EEF /* Resources */ = {
			isa = PBXResourcesBuildPhase;
			buildActionMask = 2147483647;
			files = (
			);
			runOnlyForDeploymentPostprocessing = 0;
		};
		BCED43B7270C42EC00234EEF /* Resources */ = {
			isa = PBXResourcesBuildPhase;
			buildActionMask = 2147483647;
			files = (
			);
			runOnlyForDeploymentPostprocessing = 0;
		};
/* End PBXResourcesBuildPhase section */

/* Begin PBXSourcesBuildPhase section */
		BCED4395270C42E900234EEF /* Sources */ = {
			isa = PBXSourcesBuildPhase;
			buildActionMask = 2147483647;
			files = (
				BCC395F427124271001A19FD /* FavoriteViewModel.swift in Sources */,
				BCC395EE27123FE7001A19FD /* TabBarImages.swift in Sources */,
				BCC395EF27123FE7001A19FD /* FontManager.swift in Sources */,
				BCC395EC27123FE7001A19FD /* UIView+Extensions.swift in Sources */,
				BCC395EB27123FE7001A19FD /* PermissionLocalizables.swift in Sources */,
				BCED43D5270E2B9200234EEF /* MainViewModel.swift in Sources */,
				BCED43E1270E2D5900234EEF /* GenericBaseView.swift in Sources */,
				BCED43D7270E2BAD00234EEF /* MainViewController.swift in Sources */,
				BCED43E0270E2D5900234EEF /* BaseViewController.swift in Sources */,
				BCC395F627124290001A19FD /* FavoriteViewBuilder.swift in Sources */,
				BCC395F927124F0E001A19FD /* TestViewController.swift in Sources */,
				BCC395EA27123FE7001A19FD /* GenericValueProtocol.swift in Sources */,
				BCC395DB2712358D001A19FD /* MainTabBarViewController.swift in Sources */,
				BCC395DD271236F4001A19FD /* MainTabBarBuilder.swift in Sources */,
				BCED43D9270E2BC800234EEF /* MainViewBuilder.swift in Sources */,
				BCC395F22712425D001A19FD /* FavoriteViewController.swift in Sources */,
				BCED439D270C42E900234EEF /* AppDelegate.swift in Sources */,
				BCED43E2270E2D5900234EEF /* BaseView.swift in Sources */,
				BCC395ED27123FE7001A19FD /* String+Extension.swift in Sources */,
				BCED439F270C42E900234EEF /* SceneDelegate.swift in Sources */,
			);
			runOnlyForDeploymentPostprocessing = 0;
		};
		BCED43AB270C42EC00234EEF /* Sources */ = {
			isa = PBXSourcesBuildPhase;
			buildActionMask = 2147483647;
			files = (
				BCED43B4270C42EC00234EEF /* HW3_HusnuTasTests.swift in Sources */,
			);
			runOnlyForDeploymentPostprocessing = 0;
		};
		BCED43B5270C42EC00234EEF /* Sources */ = {
			isa = PBXSourcesBuildPhase;
			buildActionMask = 2147483647;
			files = (
				BCED43C0270C42EC00234EEF /* HW3_HusnuTasUITestsLaunchTests.swift in Sources */,
				BCED43BE270C42EC00234EEF /* HW3_HusnuTasUITests.swift in Sources */,
			);
			runOnlyForDeploymentPostprocessing = 0;
		};
/* End PBXSourcesBuildPhase section */

/* Begin PBXTargetDependency section */
		BCED43B1270C42EC00234EEF /* PBXTargetDependency */ = {
			isa = PBXTargetDependency;
			target = BCED4398270C42E900234EEF /* HW3_HusnuTas */;
			targetProxy = BCED43B0270C42EC00234EEF /* PBXContainerItemProxy */;
		};
		BCED43BB270C42EC00234EEF /* PBXTargetDependency */ = {
			isa = PBXTargetDependency;
			target = BCED4398270C42E900234EEF /* HW3_HusnuTas */;
			targetProxy = BCED43BA270C42EC00234EEF /* PBXContainerItemProxy */;
		};
/* End PBXTargetDependency section */

/* Begin PBXVariantGroup section */
		BCED43A7270C42EC00234EEF /* LaunchScreen.storyboard */ = {
			isa = PBXVariantGroup;
			children = (
				BCED43A8270C42EC00234EEF /* Base */,
			);
			name = LaunchScreen.storyboard;
			sourceTree = "<group>";
		};
/* End PBXVariantGroup section */

/* Begin XCBuildConfiguration section */
		BCED43C1270C42EC00234EEF /* Debug */ = {
			isa = XCBuildConfiguration;
			buildSettings = {
				ALWAYS_SEARCH_USER_PATHS = NO;
				CLANG_ANALYZER_NONNULL = YES;
				CLANG_ANALYZER_NUMBER_OBJECT_CONVERSION = YES_AGGRESSIVE;
				CLANG_CXX_LANGUAGE_STANDARD = "gnu++17";
				CLANG_CXX_LIBRARY = "libc++";
				CLANG_ENABLE_MODULES = YES;
				CLANG_ENABLE_OBJC_ARC = YES;
				CLANG_ENABLE_OBJC_WEAK = YES;
				CLANG_WARN_BLOCK_CAPTURE_AUTORELEASING = YES;
				CLANG_WARN_BOOL_CONVERSION = YES;
				CLANG_WARN_COMMA = YES;
				CLANG_WARN_CONSTANT_CONVERSION = YES;
				CLANG_WARN_DEPRECATED_OBJC_IMPLEMENTATIONS = YES;
				CLANG_WARN_DIRECT_OBJC_ISA_USAGE = YES_ERROR;
				CLANG_WARN_DOCUMENTATION_COMMENTS = YES;
				CLANG_WARN_EMPTY_BODY = YES;
				CLANG_WARN_ENUM_CONVERSION = YES;
				CLANG_WARN_INFINITE_RECURSION = YES;
				CLANG_WARN_INT_CONVERSION = YES;
				CLANG_WARN_NON_LITERAL_NULL_CONVERSION = YES;
				CLANG_WARN_OBJC_IMPLICIT_RETAIN_SELF = YES;
				CLANG_WARN_OBJC_LITERAL_CONVERSION = YES;
				CLANG_WARN_OBJC_ROOT_CLASS = YES_ERROR;
				CLANG_WARN_QUOTED_INCLUDE_IN_FRAMEWORK_HEADER = YES;
				CLANG_WARN_RANGE_LOOP_ANALYSIS = YES;
				CLANG_WARN_STRICT_PROTOTYPES = YES;
				CLANG_WARN_SUSPICIOUS_MOVE = YES;
				CLANG_WARN_UNGUARDED_AVAILABILITY = YES_AGGRESSIVE;
				CLANG_WARN_UNREACHABLE_CODE = YES;
				CLANG_WARN__DUPLICATE_METHOD_MATCH = YES;
				COPY_PHASE_STRIP = NO;
				DEBUG_INFORMATION_FORMAT = dwarf;
				ENABLE_STRICT_OBJC_MSGSEND = YES;
				ENABLE_TESTABILITY = YES;
				GCC_C_LANGUAGE_STANDARD = gnu11;
				GCC_DYNAMIC_NO_PIC = NO;
				GCC_NO_COMMON_BLOCKS = YES;
				GCC_OPTIMIZATION_LEVEL = 0;
				GCC_PREPROCESSOR_DEFINITIONS = (
					"DEBUG=1",
					"$(inherited)",
				);
				GCC_WARN_64_TO_32_BIT_CONVERSION = YES;
				GCC_WARN_ABOUT_RETURN_TYPE = YES_ERROR;
				GCC_WARN_UNDECLARED_SELECTOR = YES;
				GCC_WARN_UNINITIALIZED_AUTOS = YES_AGGRESSIVE;
				GCC_WARN_UNUSED_FUNCTION = YES;
				GCC_WARN_UNUSED_VARIABLE = YES;
				IPHONEOS_DEPLOYMENT_TARGET = 15.0;
				MTL_ENABLE_DEBUG_INFO = INCLUDE_SOURCE;
				MTL_FAST_MATH = YES;
				ONLY_ACTIVE_ARCH = YES;
				SDKROOT = iphoneos;
				SWIFT_ACTIVE_COMPILATION_CONDITIONS = DEBUG;
				SWIFT_OPTIMIZATION_LEVEL = "-Onone";
			};
			name = Debug;
		};
		BCED43C2270C42EC00234EEF /* Release */ = {
			isa = XCBuildConfiguration;
			buildSettings = {
				ALWAYS_SEARCH_USER_PATHS = NO;
				CLANG_ANALYZER_NONNULL = YES;
				CLANG_ANALYZER_NUMBER_OBJECT_CONVERSION = YES_AGGRESSIVE;
				CLANG_CXX_LANGUAGE_STANDARD = "gnu++17";
				CLANG_CXX_LIBRARY = "libc++";
				CLANG_ENABLE_MODULES = YES;
				CLANG_ENABLE_OBJC_ARC = YES;
				CLANG_ENABLE_OBJC_WEAK = YES;
				CLANG_WARN_BLOCK_CAPTURE_AUTORELEASING = YES;
				CLANG_WARN_BOOL_CONVERSION = YES;
				CLANG_WARN_COMMA = YES;
				CLANG_WARN_CONSTANT_CONVERSION = YES;
				CLANG_WARN_DEPRECATED_OBJC_IMPLEMENTATIONS = YES;
				CLANG_WARN_DIRECT_OBJC_ISA_USAGE = YES_ERROR;
				CLANG_WARN_DOCUMENTATION_COMMENTS = YES;
				CLANG_WARN_EMPTY_BODY = YES;
				CLANG_WARN_ENUM_CONVERSION = YES;
				CLANG_WARN_INFINITE_RECURSION = YES;
				CLANG_WARN_INT_CONVERSION = YES;
				CLANG_WARN_NON_LITERAL_NULL_CONVERSION = YES;
				CLANG_WARN_OBJC_IMPLICIT_RETAIN_SELF = YES;
				CLANG_WARN_OBJC_LITERAL_CONVERSION = YES;
				CLANG_WARN_OBJC_ROOT_CLASS = YES_ERROR;
				CLANG_WARN_QUOTED_INCLUDE_IN_FRAMEWORK_HEADER = YES;
				CLANG_WARN_RANGE_LOOP_ANALYSIS = YES;
				CLANG_WARN_STRICT_PROTOTYPES = YES;
				CLANG_WARN_SUSPICIOUS_MOVE = YES;
				CLANG_WARN_UNGUARDED_AVAILABILITY = YES_AGGRESSIVE;
				CLANG_WARN_UNREACHABLE_CODE = YES;
				CLANG_WARN__DUPLICATE_METHOD_MATCH = YES;
				COPY_PHASE_STRIP = NO;
				DEBUG_INFORMATION_FORMAT = "dwarf-with-dsym";
				ENABLE_NS_ASSERTIONS = NO;
				ENABLE_STRICT_OBJC_MSGSEND = YES;
				GCC_C_LANGUAGE_STANDARD = gnu11;
				GCC_NO_COMMON_BLOCKS = YES;
				GCC_WARN_64_TO_32_BIT_CONVERSION = YES;
				GCC_WARN_ABOUT_RETURN_TYPE = YES_ERROR;
				GCC_WARN_UNDECLARED_SELECTOR = YES;
				GCC_WARN_UNINITIALIZED_AUTOS = YES_AGGRESSIVE;
				GCC_WARN_UNUSED_FUNCTION = YES;
				GCC_WARN_UNUSED_VARIABLE = YES;
				IPHONEOS_DEPLOYMENT_TARGET = 15.0;
				MTL_ENABLE_DEBUG_INFO = NO;
				MTL_FAST_MATH = YES;
				SDKROOT = iphoneos;
				SWIFT_COMPILATION_MODE = wholemodule;
				SWIFT_OPTIMIZATION_LEVEL = "-O";
				VALIDATE_PRODUCT = YES;
			};
			name = Release;
		};
		BCED43C4270C42EC00234EEF /* Debug */ = {
			isa = XCBuildConfiguration;
			buildSettings = {
				ASSETCATALOG_COMPILER_APPICON_NAME = AppIcon;
				ASSETCATALOG_COMPILER_GLOBAL_ACCENT_COLOR_NAME = AccentColor;
				CODE_SIGN_STYLE = Automatic;
				CURRENT_PROJECT_VERSION = 1;
				DEVELOPMENT_TEAM = 2BAW85345C;
				GENERATE_INFOPLIST_FILE = YES;
				INFOPLIST_FILE = HW3_HusnuTas/Info.plist;
				INFOPLIST_KEY_UIApplicationSupportsIndirectInputEvents = YES;
				INFOPLIST_KEY_UILaunchStoryboardName = LaunchScreen;
				INFOPLIST_KEY_UISupportedInterfaceOrientations_iPad = "UIInterfaceOrientationPortrait UIInterfaceOrientationPortraitUpsideDown UIInterfaceOrientationLandscapeLeft UIInterfaceOrientationLandscapeRight";
				INFOPLIST_KEY_UISupportedInterfaceOrientations_iPhone = "UIInterfaceOrientationPortrait UIInterfaceOrientationLandscapeLeft UIInterfaceOrientationLandscapeRight";
				LD_RUNPATH_SEARCH_PATHS = (
					"$(inherited)",
					"@executable_path/Frameworks",
				);
				MARKETING_VERSION = 1.0;
				PRODUCT_BUNDLE_IDENTIFIER = "com.husnutas.HW3-HusnuTas";
				PRODUCT_NAME = "$(TARGET_NAME)";
				SWIFT_EMIT_LOC_STRINGS = YES;
				SWIFT_VERSION = 5.0;
				TARGETED_DEVICE_FAMILY = "1,2";
			};
			name = Debug;
		};
		BCED43C5270C42EC00234EEF /* Release */ = {
			isa = XCBuildConfiguration;
			buildSettings = {
				ASSETCATALOG_COMPILER_APPICON_NAME = AppIcon;
				ASSETCATALOG_COMPILER_GLOBAL_ACCENT_COLOR_NAME = AccentColor;
				CODE_SIGN_STYLE = Automatic;
				CURRENT_PROJECT_VERSION = 1;
				DEVELOPMENT_TEAM = 2BAW85345C;
				GENERATE_INFOPLIST_FILE = YES;
				INFOPLIST_FILE = HW3_HusnuTas/Info.plist;
				INFOPLIST_KEY_UIApplicationSupportsIndirectInputEvents = YES;
				INFOPLIST_KEY_UILaunchStoryboardName = LaunchScreen;
				INFOPLIST_KEY_UISupportedInterfaceOrientations_iPad = "UIInterfaceOrientationPortrait UIInterfaceOrientationPortraitUpsideDown UIInterfaceOrientationLandscapeLeft UIInterfaceOrientationLandscapeRight";
				INFOPLIST_KEY_UISupportedInterfaceOrientations_iPhone = "UIInterfaceOrientationPortrait UIInterfaceOrientationLandscapeLeft UIInterfaceOrientationLandscapeRight";
				LD_RUNPATH_SEARCH_PATHS = (
					"$(inherited)",
					"@executable_path/Frameworks",
				);
				MARKETING_VERSION = 1.0;
				PRODUCT_BUNDLE_IDENTIFIER = "com.husnutas.HW3-HusnuTas";
				PRODUCT_NAME = "$(TARGET_NAME)";
				SWIFT_EMIT_LOC_STRINGS = YES;
				SWIFT_VERSION = 5.0;
				TARGETED_DEVICE_FAMILY = "1,2";
			};
			name = Release;
		};
		BCED43C7270C42EC00234EEF /* Debug */ = {
			isa = XCBuildConfiguration;
			buildSettings = {
				ALWAYS_EMBED_SWIFT_STANDARD_LIBRARIES = YES;
				BUNDLE_LOADER = "$(TEST_HOST)";
				CODE_SIGN_STYLE = Automatic;
				CURRENT_PROJECT_VERSION = 1;
				DEVELOPMENT_TEAM = 2BAW85345C;
				GENERATE_INFOPLIST_FILE = YES;
				IPHONEOS_DEPLOYMENT_TARGET = 15.0;
				LD_RUNPATH_SEARCH_PATHS = (
					"$(inherited)",
					"@executable_path/Frameworks",
					"@loader_path/Frameworks",
				);
				MARKETING_VERSION = 1.0;
				PRODUCT_BUNDLE_IDENTIFIER = "com.husnutas.HW3-HusnuTasTests";
				PRODUCT_NAME = "$(TARGET_NAME)";
				SWIFT_EMIT_LOC_STRINGS = NO;
				SWIFT_VERSION = 5.0;
				TARGETED_DEVICE_FAMILY = "1,2";
				TEST_HOST = "$(BUILT_PRODUCTS_DIR)/HW3_HusnuTas.app/HW3_HusnuTas";
			};
			name = Debug;
		};
		BCED43C8270C42EC00234EEF /* Release */ = {
			isa = XCBuildConfiguration;
			buildSettings = {
				ALWAYS_EMBED_SWIFT_STANDARD_LIBRARIES = YES;
				BUNDLE_LOADER = "$(TEST_HOST)";
				CODE_SIGN_STYLE = Automatic;
				CURRENT_PROJECT_VERSION = 1;
				DEVELOPMENT_TEAM = 2BAW85345C;
				GENERATE_INFOPLIST_FILE = YES;
				IPHONEOS_DEPLOYMENT_TARGET = 15.0;
				LD_RUNPATH_SEARCH_PATHS = (
					"$(inherited)",
					"@executable_path/Frameworks",
					"@loader_path/Frameworks",
				);
				MARKETING_VERSION = 1.0;
				PRODUCT_BUNDLE_IDENTIFIER = "com.husnutas.HW3-HusnuTasTests";
				PRODUCT_NAME = "$(TARGET_NAME)";
				SWIFT_EMIT_LOC_STRINGS = NO;
				SWIFT_VERSION = 5.0;
				TARGETED_DEVICE_FAMILY = "1,2";
				TEST_HOST = "$(BUILT_PRODUCTS_DIR)/HW3_HusnuTas.app/HW3_HusnuTas";
			};
			name = Release;
		};
		BCED43CA270C42EC00234EEF /* Debug */ = {
			isa = XCBuildConfiguration;
			buildSettings = {
				ALWAYS_EMBED_SWIFT_STANDARD_LIBRARIES = YES;
				CODE_SIGN_STYLE = Automatic;
				CURRENT_PROJECT_VERSION = 1;
				DEVELOPMENT_TEAM = 2BAW85345C;
				GENERATE_INFOPLIST_FILE = YES;
				LD_RUNPATH_SEARCH_PATHS = (
					"$(inherited)",
					"@executable_path/Frameworks",
					"@loader_path/Frameworks",
				);
				MARKETING_VERSION = 1.0;
				PRODUCT_BUNDLE_IDENTIFIER = "com.husnutas.HW3-HusnuTasUITests";
				PRODUCT_NAME = "$(TARGET_NAME)";
				SWIFT_EMIT_LOC_STRINGS = NO;
				SWIFT_VERSION = 5.0;
				TARGETED_DEVICE_FAMILY = "1,2";
				TEST_TARGET_NAME = HW3_HusnuTas;
			};
			name = Debug;
		};
		BCED43CB270C42EC00234EEF /* Release */ = {
			isa = XCBuildConfiguration;
			buildSettings = {
				ALWAYS_EMBED_SWIFT_STANDARD_LIBRARIES = YES;
				CODE_SIGN_STYLE = Automatic;
				CURRENT_PROJECT_VERSION = 1;
				DEVELOPMENT_TEAM = 2BAW85345C;
				GENERATE_INFOPLIST_FILE = YES;
				LD_RUNPATH_SEARCH_PATHS = (
					"$(inherited)",
					"@executable_path/Frameworks",
					"@loader_path/Frameworks",
				);
				MARKETING_VERSION = 1.0;
				PRODUCT_BUNDLE_IDENTIFIER = "com.husnutas.HW3-HusnuTasUITests";
				PRODUCT_NAME = "$(TARGET_NAME)";
				SWIFT_EMIT_LOC_STRINGS = NO;
				SWIFT_VERSION = 5.0;
				TARGETED_DEVICE_FAMILY = "1,2";
				TEST_TARGET_NAME = HW3_HusnuTas;
			};
			name = Release;
		};
/* End XCBuildConfiguration section */

/* Begin XCConfigurationList section */
		BCED4394270C42E900234EEF /* Build configuration list for PBXProject "HW3_HusnuTas" */ = {
			isa = XCConfigurationList;
			buildConfigurations = (
				BCED43C1270C42EC00234EEF /* Debug */,
				BCED43C2270C42EC00234EEF /* Release */,
			);
			defaultConfigurationIsVisible = 0;
			defaultConfigurationName = Release;
		};
		BCED43C3270C42EC00234EEF /* Build configuration list for PBXNativeTarget "HW3_HusnuTas" */ = {
			isa = XCConfigurationList;
			buildConfigurations = (
				BCED43C4270C42EC00234EEF /* Debug */,
				BCED43C5270C42EC00234EEF /* Release */,
			);
			defaultConfigurationIsVisible = 0;
			defaultConfigurationName = Release;
		};
		BCED43C6270C42EC00234EEF /* Build configuration list for PBXNativeTarget "HW3_HusnuTasTests" */ = {
			isa = XCConfigurationList;
			buildConfigurations = (
				BCED43C7270C42EC00234EEF /* Debug */,
				BCED43C8270C42EC00234EEF /* Release */,
			);
			defaultConfigurationIsVisible = 0;
			defaultConfigurationName = Release;
		};
		BCED43C9270C42EC00234EEF /* Build configuration list for PBXNativeTarget "HW3_HusnuTasUITests" */ = {
			isa = XCConfigurationList;
			buildConfigurations = (
				BCED43CA270C42EC00234EEF /* Debug */,
				BCED43CB270C42EC00234EEF /* Release */,
			);
			defaultConfigurationIsVisible = 0;
			defaultConfigurationName = Release;
		};
/* End XCConfigurationList section */
	};
	rootObject = BCED4391270C42E900234EEF /* Project object */;
}
